// !$*UTF8*$!
{
	archiveVersion = 1;
	classes = {
	};
	objectVersion = 51;
	objects = {

/* Begin PBXBuildFile section */
		7EC023D633F7E1EE29412795 /* Pods_MusicAlbums.framework in Frameworks */ = {isa = PBXBuildFile; fileRef = 8C535714BEDB275EB793972D /* Pods_MusicAlbums.framework */; };
		DD0696A126B537A7003B6712 /* AlbumsViewControllerTest.swift in Sources */ = {isa = PBXBuildFile; fileRef = DD0696A026B537A7003B6712 /* AlbumsViewControllerTest.swift */; };
		DD0696A526B53FC3003B6712 /* AlbumView.xib in Resources */ = {isa = PBXBuildFile; fileRef = DD0696A426B53FC3003B6712 /* AlbumView.xib */; };
		DD0696A726B53FD0003B6712 /* AlbumView.swift in Sources */ = {isa = PBXBuildFile; fileRef = DD0696A626B53FCF003B6712 /* AlbumView.swift */; };
		DD0696AB26B543D2003B6712 /* AlbumCell.swift in Sources */ = {isa = PBXBuildFile; fileRef = DD0696A926B543D2003B6712 /* AlbumCell.swift */; };
		DD0696AC26B543D2003B6712 /* AlbumCell.xib in Resources */ = {isa = PBXBuildFile; fileRef = DD0696AA26B543D2003B6712 /* AlbumCell.xib */; };
		DD0696AE26B54651003B6712 /* UICollectionView+Extension.swift in Sources */ = {isa = PBXBuildFile; fileRef = DD0696AD26B54651003B6712 /* UICollectionView+Extension.swift */; };
		DD0696B126B57779003B6712 /* AlbumsPresenter.swift in Sources */ = {isa = PBXBuildFile; fileRef = DD0696B026B57779003B6712 /* AlbumsPresenter.swift */; };
		DD0696B426B5789A003B6712 /* AlbumsInteractror.swift in Sources */ = {isa = PBXBuildFile; fileRef = DD0696B326B5789A003B6712 /* AlbumsInteractror.swift */; };
		DD0696B726B578E5003B6712 /* AlbumsRouter.swift in Sources */ = {isa = PBXBuildFile; fileRef = DD0696B626B578E5003B6712 /* AlbumsRouter.swift */; };
		DD0696B926B57A82003B6712 /* AlbumsPresenterTest.swift in Sources */ = {isa = PBXBuildFile; fileRef = DD0696B826B57A82003B6712 /* AlbumsPresenterTest.swift */; };
		DD0696BB26B57B22003B6712 /* AlbumsInteractorSpy.swift in Sources */ = {isa = PBXBuildFile; fileRef = DD0696BA26B57B22003B6712 /* AlbumsInteractorSpy.swift */; };
		DD0696BD26B57B9A003B6712 /* AlbumsViewSpy.swift in Sources */ = {isa = PBXBuildFile; fileRef = DD0696BC26B57B9A003B6712 /* AlbumsViewSpy.swift */; };
		DD0696BF26B57BEE003B6712 /* AlbumsRouterSpy.swift in Sources */ = {isa = PBXBuildFile; fileRef = DD0696BE26B57BEE003B6712 /* AlbumsRouterSpy.swift */; };
		DD0696C126B57E8D003B6712 /* AlbumModel.swift in Sources */ = {isa = PBXBuildFile; fileRef = DD0696C026B57E8D003B6712 /* AlbumModel.swift */; };
		DD0696C326B58A42003B6712 /* AlbumModelData.swift in Sources */ = {isa = PBXBuildFile; fileRef = DD0696C226B58A42003B6712 /* AlbumModelData.swift */; };
		DD0696C526B5997D003B6712 /* AlbumsCellSpy.swift in Sources */ = {isa = PBXBuildFile; fileRef = DD0696C426B5997D003B6712 /* AlbumsCellSpy.swift */; };
		DD0696C726B59D70003B6712 /* AlbumsDelegationMethods.swift in Sources */ = {isa = PBXBuildFile; fileRef = DD0696C626B59D70003B6712 /* AlbumsDelegationMethods.swift */; };
		DD43DCBD26B2FE2C006E9979 /* SearchPresenter.swift in Sources */ = {isa = PBXBuildFile; fileRef = DD43DCBC26B2FE2C006E9979 /* SearchPresenter.swift */; };
		DD43DCC126B2FF78006E9979 /* SearchRouter.swift in Sources */ = {isa = PBXBuildFile; fileRef = DD43DCC026B2FF78006E9979 /* SearchRouter.swift */; };
		DD43DCC326B2FFF9006E9979 /* SearchInteractor.swift in Sources */ = {isa = PBXBuildFile; fileRef = DD43DCC226B2FFF9006E9979 /* SearchInteractor.swift */; };
		DD43DCC626B30E13006E9979 /* AritistModel.swift in Sources */ = {isa = PBXBuildFile; fileRef = DD43DCC526B30E13006E9979 /* AritistModel.swift */; };
		DD43DCCB26B30F67006E9979 /* UrlRequestBuilder.swift in Sources */ = {isa = PBXBuildFile; fileRef = DD43DCCA26B30F67006E9979 /* UrlRequestBuilder.swift */; };
		DD43DCCD26B31031006E9979 /* NetworkRequestError.swift in Sources */ = {isa = PBXBuildFile; fileRef = DD43DCCC26B31031006E9979 /* NetworkRequestError.swift */; };
		DD43DCD026B31464006E9979 /* APIManager..swift in Sources */ = {isa = PBXBuildFile; fileRef = DD43DCCF26B31464006E9979 /* APIManager..swift */; };
		DD43DCD326B314E1006E9979 /* ArtistAPI.swift in Sources */ = {isa = PBXBuildFile; fileRef = DD43DCD226B314E1006E9979 /* ArtistAPI.swift */; };
		DD43DCD526B31F51006E9979 /* SearchDelegateMethods.swift in Sources */ = {isa = PBXBuildFile; fileRef = DD43DCD426B31F51006E9979 /* SearchDelegateMethods.swift */; };
		DD43DCD926B32742006E9979 /* MockURLSession.swift in Sources */ = {isa = PBXBuildFile; fileRef = DD43DCD826B32742006E9979 /* MockURLSession.swift */; };
		DD43DCDB26B3277E006E9979 /* APIManagerTest.swift in Sources */ = {isa = PBXBuildFile; fileRef = DD43DCDA26B3277E006E9979 /* APIManagerTest.swift */; };
		DD43DCDE26B3313B006E9979 /* AritistModelData.swift in Sources */ = {isa = PBXBuildFile; fileRef = DD43DCDD26B3313B006E9979 /* AritistModelData.swift */; };
		DD58684626B267B600729A6A /* AppDelegate.swift in Sources */ = {isa = PBXBuildFile; fileRef = DD58684526B267B600729A6A /* AppDelegate.swift */; };
		DD58684F26B267B900729A6A /* Assets.xcassets in Resources */ = {isa = PBXBuildFile; fileRef = DD58684E26B267B900729A6A /* Assets.xcassets */; };
		DD58685226B267B900729A6A /* LaunchScreen.storyboard in Resources */ = {isa = PBXBuildFile; fileRef = DD58685026B267B900729A6A /* LaunchScreen.storyboard */; };
		DD6296CF26B940AF003CB04D /* Int+Extension.swift in Sources */ = {isa = PBXBuildFile; fileRef = DD6296CE26B940AF003CB04D /* Int+Extension.swift */; };
		DD7940BC26BA0229008F2A4E /* MainScreenInteractor.swift in Sources */ = {isa = PBXBuildFile; fileRef = DD7940BB26BA0229008F2A4E /* MainScreenInteractor.swift */; };
		DD7940C026BA029E008F2A4E /* MianScreenRouter.swift in Sources */ = {isa = PBXBuildFile; fileRef = DD7940BF26BA029E008F2A4E /* MianScreenRouter.swift */; };
		DD7940C326BA02E3008F2A4E /* MainScreenPresenter.swift in Sources */ = {isa = PBXBuildFile; fileRef = DD7940C226BA02E3008F2A4E /* MainScreenPresenter.swift */; };
		DD7940C826BA0533008F2A4E /* MainScreenInteractorSpy.swift in Sources */ = {isa = PBXBuildFile; fileRef = DD7940C726BA0533008F2A4E /* MainScreenInteractorSpy.swift */; };
		DD7940CA26BA0549008F2A4E /* MainScreenRouterSpy.swift in Sources */ = {isa = PBXBuildFile; fileRef = DD7940C926BA0549008F2A4E /* MainScreenRouterSpy.swift */; };
		DD7940CC26BA0565008F2A4E /* MainScreenViewSpy.swift in Sources */ = {isa = PBXBuildFile; fileRef = DD7940CB26BA0565008F2A4E /* MainScreenViewSpy.swift */; };
		DD7940CE26BA0589008F2A4E /* MainScreenViewControllerTest.swift in Sources */ = {isa = PBXBuildFile; fileRef = DD7940CD26BA0589008F2A4E /* MainScreenViewControllerTest.swift */; };
		DD7940D026BA05CD008F2A4E /* MainScreenPresenterTest.swift in Sources */ = {isa = PBXBuildFile; fileRef = DD7940CF26BA05CD008F2A4E /* MainScreenPresenterTest.swift */; };
		DD7940D226BA8894008F2A4E /* MainScreenDelegateMethods.swift in Sources */ = {isa = PBXBuildFile; fileRef = DD7940D126BA8894008F2A4E /* MainScreenDelegateMethods.swift */; };
		DD7940D526BA9470008F2A4E /* LocalAlbumCell.swift in Sources */ = {isa = PBXBuildFile; fileRef = DD7940D326BA9470008F2A4E /* LocalAlbumCell.swift */; };
		DD7940D626BA9470008F2A4E /* LocalAlbumCell.xib in Resources */ = {isa = PBXBuildFile; fileRef = DD7940D426BA9470008F2A4E /* LocalAlbumCell.xib */; };
		DD7940D826BA9499008F2A4E /* LocalAlbumCellSpy.swift in Sources */ = {isa = PBXBuildFile; fileRef = DD7940D726BA9499008F2A4E /* LocalAlbumCellSpy.swift */; };
		DD7940DE26BB380E008F2A4E /* InteractorBaseWireFrame.swift in Sources */ = {isa = PBXBuildFile; fileRef = DD7940DD26BB380E008F2A4E /* InteractorBaseWireFrame.swift */; };
		DD7940E326BB5342008F2A4E /* HelperMethods.swift in Sources */ = {isa = PBXBuildFile; fileRef = DD7940E226BB5341008F2A4E /* HelperMethods.swift */; };
		DD7940E726BB61E7008F2A4E /* AlbumsModelTest.swift in Sources */ = {isa = PBXBuildFile; fileRef = DD7940E626BB61E7008F2A4E /* AlbumsModelTest.swift */; };
		DD7940EE26BBFF64008F2A4E /* TosatPopUp.swift in Sources */ = {isa = PBXBuildFile; fileRef = DD7940ED26BBFF64008F2A4E /* TosatPopUp.swift */; };
		DD7940F026BC0D95008F2A4E /* AlbumDetailsDelegationMethods.swift in Sources */ = {isa = PBXBuildFile; fileRef = DD7940EF26BC0D95008F2A4E /* AlbumDetailsDelegationMethods.swift */; };
		DD7940F226BC1173008F2A4E /* TracksCellSpy.swift in Sources */ = {isa = PBXBuildFile; fileRef = DD7940F126BC1173008F2A4E /* TracksCellSpy.swift */; };
		DD7940F426BC1DE7008F2A4E /* AlbumsData.json in Resources */ = {isa = PBXBuildFile; fileRef = DD7940F326BC1DE7008F2A4E /* AlbumsData.json */; };
		DD7940F626BC1EDE008F2A4E /* ArtistModelTest.swift in Sources */ = {isa = PBXBuildFile; fileRef = DD7940F526BC1EDE008F2A4E /* ArtistModelTest.swift */; };
		DD7940F826BC1F40008F2A4E /* ArtistData.json in Resources */ = {isa = PBXBuildFile; fileRef = DD7940F726BC1F40008F2A4E /* ArtistData.json */; };
		DD86AD2326B832B600B1C20C /* AlbumDetailsData.json in Resources */ = {isa = PBXBuildFile; fileRef = DD86AD2226B832B600B1C20C /* AlbumDetailsData.json */; };
		DD86AD2626B832EA00B1C20C /* AlbumInfoModelTest.swift in Sources */ = {isa = PBXBuildFile; fileRef = DD86AD2526B832EA00B1C20C /* AlbumInfoModelTest.swift */; };
		DDA0981426B3DF01007F3431 /* CustomPlaceholder.xib in Resources */ = {isa = PBXBuildFile; fileRef = DDA0981326B3DF01007F3431 /* CustomPlaceholder.xib */; };
		DDA0981626B3DF72007F3431 /* CustomPlaceholder.swift in Sources */ = {isa = PBXBuildFile; fileRef = DDA0981526B3DF72007F3431 /* CustomPlaceholder.swift */; };
		DDA0981826B3DFA7007F3431 /* NibLoadingView.swift in Sources */ = {isa = PBXBuildFile; fileRef = DDA0981726B3DFA7007F3431 /* NibLoadingView.swift */; };
		DDA0981F26B428F4007F3431 /* UIImageView+Extension.swift in Sources */ = {isa = PBXBuildFile; fileRef = DDA0981E26B428F3007F3431 /* UIImageView+Extension.swift */; };
		DDA0982226B44830007F3431 /* SearchPresenterTest.swift in Sources */ = {isa = PBXBuildFile; fileRef = DDA0982126B44830007F3431 /* SearchPresenterTest.swift */; };
		DDA0982526B44949007F3431 /* SearchInteractortSpy.swift in Sources */ = {isa = PBXBuildFile; fileRef = DDA0982426B44949007F3431 /* SearchInteractortSpy.swift */; };
		DDA0982726B44964007F3431 /* SearchRouterSpy.swift in Sources */ = {isa = PBXBuildFile; fileRef = DDA0982626B44964007F3431 /* SearchRouterSpy.swift */; };
		DDA0982926B4497D007F3431 /* SearchViewSpa.swift in Sources */ = {isa = PBXBuildFile; fileRef = DDA0982826B4497D007F3431 /* SearchViewSpa.swift */; };
		DDA0982B26B475B8007F3431 /* AritistCellSpy.swift in Sources */ = {isa = PBXBuildFile; fileRef = DDA0982A26B475B8007F3431 /* AritistCellSpy.swift */; };
		DDA0982D26B47ABD007F3431 /* UIViewController+Extension.swift in Sources */ = {isa = PBXBuildFile; fileRef = DDA0982C26B47ABD007F3431 /* UIViewController+Extension.swift */; };
		DDCE563B26B7C918007B8F62 /* AlbumDetailsViewController.swift in Sources */ = {isa = PBXBuildFile; fileRef = DDCE563926B7C918007B8F62 /* AlbumDetailsViewController.swift */; };
		DDCE563C26B7C918007B8F62 /* AlbumDetailsViewController.xib in Resources */ = {isa = PBXBuildFile; fileRef = DDCE563A26B7C918007B8F62 /* AlbumDetailsViewController.xib */; };
		DDCE563E26B7CB8F007B8F62 /* StretchyHeaderView.swift in Sources */ = {isa = PBXBuildFile; fileRef = DDCE563D26B7CB8F007B8F62 /* StretchyHeaderView.swift */; };
		DDD9D00626B5D72C00502428 /* AlbumsDetailsViewControllerTest.swift in Sources */ = {isa = PBXBuildFile; fileRef = DDD9D00526B5D72C00502428 /* AlbumsDetailsViewControllerTest.swift */; };
		DDD9D00A26B676A600502428 /* TrackCell.swift in Sources */ = {isa = PBXBuildFile; fileRef = DDD9D00826B676A600502428 /* TrackCell.swift */; };
		DDD9D00B26B676A600502428 /* TrackCell.xib in Resources */ = {isa = PBXBuildFile; fileRef = DDD9D00926B676A600502428 /* TrackCell.xib */; };
		DDD9D01026B67ADC00502428 /* AlbumDetailsHeaderCell.swift in Sources */ = {isa = PBXBuildFile; fileRef = DDD9D00E26B67ADC00502428 /* AlbumDetailsHeaderCell.swift */; };
		DDD9D01126B67ADC00502428 /* AlbumDetailsHeaderCell.xib in Resources */ = {isa = PBXBuildFile; fileRef = DDD9D00F26B67ADC00502428 /* AlbumDetailsHeaderCell.xib */; };
		DDD9D01426B689A700502428 /* AlbumDetailsModel.swift in Sources */ = {isa = PBXBuildFile; fileRef = DDD9D01326B689A700502428 /* AlbumDetailsModel.swift */; };
		DDD9D01926B68B8100502428 /* AlbumDetailsInteractor.swift in Sources */ = {isa = PBXBuildFile; fileRef = DDD9D01826B68B8100502428 /* AlbumDetailsInteractor.swift */; };
		DDD9D01B26B68BC400502428 /* AlbumDetailsRouter.swift in Sources */ = {isa = PBXBuildFile; fileRef = DDD9D01A26B68BC400502428 /* AlbumDetailsRouter.swift */; };
		DDD9D01D26B68BFC00502428 /* AlbumDetailsPresenter.swift in Sources */ = {isa = PBXBuildFile; fileRef = DDD9D01C26B68BFC00502428 /* AlbumDetailsPresenter.swift */; };
		DDD9D02026B691D500502428 /* AlbumsDetailsInteractorSpy.swift in Sources */ = {isa = PBXBuildFile; fileRef = DDD9D01F26B691D500502428 /* AlbumsDetailsInteractorSpy.swift */; };
		DDD9D02226B6923A00502428 /* AlbumsDetailsRouterSpy.swift in Sources */ = {isa = PBXBuildFile; fileRef = DDD9D02126B6923A00502428 /* AlbumsDetailsRouterSpy.swift */; };
		DDD9D02426B6928A00502428 /*  AlbumsDetailsViewSpy.swift in Sources */ = {isa = PBXBuildFile; fileRef = DDD9D02326B6928A00502428 /*  AlbumsDetailsViewSpy.swift */; };
		DDD9D02626B6934600502428 /* AlnumsDetailsPresenterTest.swift in Sources */ = {isa = PBXBuildFile; fileRef = DDD9D02526B6934600502428 /* AlnumsDetailsPresenterTest.swift */; };
		DDD9D02826B694E300502428 /* AlbumDetailsData.swift in Sources */ = {isa = PBXBuildFile; fileRef = DDD9D02726B694E300502428 /* AlbumDetailsData.swift */; };
		DDD9D02A26B69BAC00502428 /* HeaderCellSpy.swift in Sources */ = {isa = PBXBuildFile; fileRef = DDD9D02926B69BAC00502428 /* HeaderCellSpy.swift */; };
		DDDA195C26B2C4E800A1CC1B /* MainScreen.swift in Sources */ = {isa = PBXBuildFile; fileRef = DDDA195A26B2C4E800A1CC1B /* MainScreen.swift */; };
		DDDA195D26B2C4E800A1CC1B /* MainScreen.xib in Resources */ = {isa = PBXBuildFile; fileRef = DDDA195B26B2C4E800A1CC1B /* MainScreen.xib */; };
		DDDA196026B2C50500A1CC1B /* Search.swift in Sources */ = {isa = PBXBuildFile; fileRef = DDDA195E26B2C50500A1CC1B /* Search.swift */; };
		DDDA196126B2C50500A1CC1B /* Search.xib in Resources */ = {isa = PBXBuildFile; fileRef = DDDA195F26B2C50500A1CC1B /* Search.xib */; };
		DDDA196426B2C51600A1CC1B /* Albums.swift in Sources */ = {isa = PBXBuildFile; fileRef = DDDA196226B2C51600A1CC1B /* Albums.swift */; };
		DDDA196526B2C51600A1CC1B /* Albums.xib in Resources */ = {isa = PBXBuildFile; fileRef = DDDA196326B2C51600A1CC1B /* Albums.xib */; };
		DDDA196C26B2C93600A1CC1B /* Colors.xcassets in Resources */ = {isa = PBXBuildFile; fileRef = DDDA196B26B2C93600A1CC1B /* Colors.xcassets */; };
		DDDA196E26B2CBC600A1CC1B /* DesignSystem.swift in Sources */ = {isa = PBXBuildFile; fileRef = DDDA196D26B2CBC600A1CC1B /* DesignSystem.swift */; };
		DDDA197026B2CBDD00A1CC1B /* Colors.swift in Sources */ = {isa = PBXBuildFile; fileRef = DDDA196F26B2CBDD00A1CC1B /* Colors.swift */; };
		DDDA197526B2E34000A1CC1B /* ArtistCell.swift in Sources */ = {isa = PBXBuildFile; fileRef = DDDA197326B2E34000A1CC1B /* ArtistCell.swift */; };
		DDDA197626B2E34000A1CC1B /* ArtistCell.xib in Resources */ = {isa = PBXBuildFile; fileRef = DDDA197426B2E34000A1CC1B /* ArtistCell.xib */; };
		DDDA197826B2E36700A1CC1B /* TableView+Extension.swift in Sources */ = {isa = PBXBuildFile; fileRef = DDDA197726B2E36700A1CC1B /* TableView+Extension.swift */; };
		DDDA197A26B2E3D900A1CC1B /* UIView+Extension.swift in Sources */ = {isa = PBXBuildFile; fileRef = DDDA197926B2E3D900A1CC1B /* UIView+Extension.swift */; };
		DDEA309326B6C75700329C69 /* RealmManager.swift in Sources */ = {isa = PBXBuildFile; fileRef = DDEA309226B6C75700329C69 /* RealmManager.swift */; };
		FF0AF5EAD4D698C4C451AEE1 /* Pods_MusicAlbumsTests.framework in Frameworks */ = {isa = PBXBuildFile; fileRef = CBCD7AA99886DDF96D55A611 /* Pods_MusicAlbumsTests.framework */; };
/* End PBXBuildFile section */

/* Begin PBXContainerItemProxy section */
		DD58685926B267B900729A6A /* PBXContainerItemProxy */ = {
			isa = PBXContainerItemProxy;
			containerPortal = DD58683A26B267B600729A6A /* Project object */;
			proxyType = 1;
			remoteGlobalIDString = DD58684126B267B600729A6A;
			remoteInfo = MusicAlbums;
		};
/* End PBXContainerItemProxy section */

/* Begin PBXFileReference section */
		70547977B432AEA1BB402897 /* Pods-MusicAlbums.release.xcconfig */ = {isa = PBXFileReference; includeInIndex = 1; lastKnownFileType = text.xcconfig; name = "Pods-MusicAlbums.release.xcconfig"; path = "Target Support Files/Pods-MusicAlbums/Pods-MusicAlbums.release.xcconfig"; sourceTree = "<group>"; };
		7784FA3D6D7E078BF1FBCED6 /* Pods-MusicAlbumsTests.debug.xcconfig */ = {isa = PBXFileReference; includeInIndex = 1; lastKnownFileType = text.xcconfig; name = "Pods-MusicAlbumsTests.debug.xcconfig"; path = "Target Support Files/Pods-MusicAlbumsTests/Pods-MusicAlbumsTests.debug.xcconfig"; sourceTree = "<group>"; };
		88A1F589C3E854AB496B75A0 /* Pods-MusicAlbumsTests.release.xcconfig */ = {isa = PBXFileReference; includeInIndex = 1; lastKnownFileType = text.xcconfig; name = "Pods-MusicAlbumsTests.release.xcconfig"; path = "Target Support Files/Pods-MusicAlbumsTests/Pods-MusicAlbumsTests.release.xcconfig"; sourceTree = "<group>"; };
		8C535714BEDB275EB793972D /* Pods_MusicAlbums.framework */ = {isa = PBXFileReference; explicitFileType = wrapper.framework; includeInIndex = 0; path = Pods_MusicAlbums.framework; sourceTree = BUILT_PRODUCTS_DIR; };
		BD3D29A6AB3DA18E69CFF90F /* Pods-MusicAlbums.debug.xcconfig */ = {isa = PBXFileReference; includeInIndex = 1; lastKnownFileType = text.xcconfig; name = "Pods-MusicAlbums.debug.xcconfig"; path = "Target Support Files/Pods-MusicAlbums/Pods-MusicAlbums.debug.xcconfig"; sourceTree = "<group>"; };
		CBCD7AA99886DDF96D55A611 /* Pods_MusicAlbumsTests.framework */ = {isa = PBXFileReference; explicitFileType = wrapper.framework; includeInIndex = 0; path = Pods_MusicAlbumsTests.framework; sourceTree = BUILT_PRODUCTS_DIR; };
		DD0696A026B537A7003B6712 /* AlbumsViewControllerTest.swift */ = {isa = PBXFileReference; lastKnownFileType = sourcecode.swift; path = AlbumsViewControllerTest.swift; sourceTree = "<group>"; };
		DD0696A426B53FC3003B6712 /* AlbumView.xib */ = {isa = PBXFileReference; lastKnownFileType = file.xib; path = AlbumView.xib; sourceTree = "<group>"; };
		DD0696A626B53FCF003B6712 /* AlbumView.swift */ = {isa = PBXFileReference; lastKnownFileType = sourcecode.swift; path = AlbumView.swift; sourceTree = "<group>"; };
		DD0696A926B543D2003B6712 /* AlbumCell.swift */ = {isa = PBXFileReference; lastKnownFileType = sourcecode.swift; path = AlbumCell.swift; sourceTree = "<group>"; };
		DD0696AA26B543D2003B6712 /* AlbumCell.xib */ = {isa = PBXFileReference; lastKnownFileType = file.xib; path = AlbumCell.xib; sourceTree = "<group>"; };
		DD0696AD26B54651003B6712 /* UICollectionView+Extension.swift */ = {isa = PBXFileReference; lastKnownFileType = sourcecode.swift; path = "UICollectionView+Extension.swift"; sourceTree = "<group>"; };
		DD0696B026B57779003B6712 /* AlbumsPresenter.swift */ = {isa = PBXFileReference; lastKnownFileType = sourcecode.swift; path = AlbumsPresenter.swift; sourceTree = "<group>"; };
		DD0696B326B5789A003B6712 /* AlbumsInteractror.swift */ = {isa = PBXFileReference; lastKnownFileType = sourcecode.swift; path = AlbumsInteractror.swift; sourceTree = "<group>"; };
		DD0696B626B578E5003B6712 /* AlbumsRouter.swift */ = {isa = PBXFileReference; lastKnownFileType = sourcecode.swift; path = AlbumsRouter.swift; sourceTree = "<group>"; };
		DD0696B826B57A82003B6712 /* AlbumsPresenterTest.swift */ = {isa = PBXFileReference; lastKnownFileType = sourcecode.swift; path = AlbumsPresenterTest.swift; sourceTree = "<group>"; };
		DD0696BA26B57B22003B6712 /* AlbumsInteractorSpy.swift */ = {isa = PBXFileReference; lastKnownFileType = sourcecode.swift; path = AlbumsInteractorSpy.swift; sourceTree = "<group>"; };
		DD0696BC26B57B9A003B6712 /* AlbumsViewSpy.swift */ = {isa = PBXFileReference; lastKnownFileType = sourcecode.swift; path = AlbumsViewSpy.swift; sourceTree = "<group>"; };
		DD0696BE26B57BEE003B6712 /* AlbumsRouterSpy.swift */ = {isa = PBXFileReference; lastKnownFileType = sourcecode.swift; path = AlbumsRouterSpy.swift; sourceTree = "<group>"; };
		DD0696C026B57E8D003B6712 /* AlbumModel.swift */ = {isa = PBXFileReference; lastKnownFileType = sourcecode.swift; path = AlbumModel.swift; sourceTree = "<group>"; };
		DD0696C226B58A42003B6712 /* AlbumModelData.swift */ = {isa = PBXFileReference; lastKnownFileType = sourcecode.swift; path = AlbumModelData.swift; sourceTree = "<group>"; };
		DD0696C426B5997D003B6712 /* AlbumsCellSpy.swift */ = {isa = PBXFileReference; lastKnownFileType = sourcecode.swift; path = AlbumsCellSpy.swift; sourceTree = "<group>"; };
		DD0696C626B59D70003B6712 /* AlbumsDelegationMethods.swift */ = {isa = PBXFileReference; lastKnownFileType = sourcecode.swift; path = AlbumsDelegationMethods.swift; sourceTree = "<group>"; };
		DD43DCBC26B2FE2C006E9979 /* SearchPresenter.swift */ = {isa = PBXFileReference; lastKnownFileType = sourcecode.swift; path = SearchPresenter.swift; sourceTree = "<group>"; };
		DD43DCC026B2FF78006E9979 /* SearchRouter.swift */ = {isa = PBXFileReference; lastKnownFileType = sourcecode.swift; path = SearchRouter.swift; sourceTree = "<group>"; };
		DD43DCC226B2FFF9006E9979 /* SearchInteractor.swift */ = {isa = PBXFileReference; lastKnownFileType = sourcecode.swift; path = SearchInteractor.swift; sourceTree = "<group>"; };
		DD43DCC526B30E13006E9979 /* AritistModel.swift */ = {isa = PBXFileReference; lastKnownFileType = sourcecode.swift; path = AritistModel.swift; sourceTree = "<group>"; };
		DD43DCCA26B30F67006E9979 /* UrlRequestBuilder.swift */ = {isa = PBXFileReference; lastKnownFileType = sourcecode.swift; path = UrlRequestBuilder.swift; sourceTree = "<group>"; };
		DD43DCCC26B31031006E9979 /* NetworkRequestError.swift */ = {isa = PBXFileReference; lastKnownFileType = sourcecode.swift; path = NetworkRequestError.swift; sourceTree = "<group>"; };
		DD43DCCF26B31464006E9979 /* APIManager..swift */ = {isa = PBXFileReference; lastKnownFileType = sourcecode.swift; path = APIManager..swift; sourceTree = "<group>"; };
		DD43DCD226B314E1006E9979 /* ArtistAPI.swift */ = {isa = PBXFileReference; lastKnownFileType = sourcecode.swift; path = ArtistAPI.swift; sourceTree = "<group>"; };
		DD43DCD426B31F51006E9979 /* SearchDelegateMethods.swift */ = {isa = PBXFileReference; lastKnownFileType = sourcecode.swift; path = SearchDelegateMethods.swift; sourceTree = "<group>"; };
		DD43DCD826B32742006E9979 /* MockURLSession.swift */ = {isa = PBXFileReference; lastKnownFileType = sourcecode.swift; path = MockURLSession.swift; sourceTree = "<group>"; };
		DD43DCDA26B3277E006E9979 /* APIManagerTest.swift */ = {isa = PBXFileReference; lastKnownFileType = sourcecode.swift; path = APIManagerTest.swift; sourceTree = "<group>"; };
		DD43DCDD26B3313B006E9979 /* AritistModelData.swift */ = {isa = PBXFileReference; lastKnownFileType = sourcecode.swift; path = AritistModelData.swift; sourceTree = "<group>"; };
		DD58684226B267B600729A6A /* MusicAlbums.app */ = {isa = PBXFileReference; explicitFileType = wrapper.application; includeInIndex = 0; path = MusicAlbums.app; sourceTree = BUILT_PRODUCTS_DIR; };
		DD58684526B267B600729A6A /* AppDelegate.swift */ = {isa = PBXFileReference; lastKnownFileType = sourcecode.swift; path = AppDelegate.swift; sourceTree = "<group>"; };
		DD58684E26B267B900729A6A /* Assets.xcassets */ = {isa = PBXFileReference; lastKnownFileType = folder.assetcatalog; path = Assets.xcassets; sourceTree = "<group>"; };
		DD58685126B267B900729A6A /* Base */ = {isa = PBXFileReference; lastKnownFileType = file.storyboard; name = Base; path = Base.lproj/LaunchScreen.storyboard; sourceTree = "<group>"; };
		DD58685326B267B900729A6A /* Info.plist */ = {isa = PBXFileReference; lastKnownFileType = text.plist.xml; path = Info.plist; sourceTree = "<group>"; };
		DD58685826B267B900729A6A /* MusicAlbumsTests.xctest */ = {isa = PBXFileReference; explicitFileType = wrapper.cfbundle; includeInIndex = 0; path = MusicAlbumsTests.xctest; sourceTree = BUILT_PRODUCTS_DIR; };
		DD58685E26B267B900729A6A /* Info.plist */ = {isa = PBXFileReference; lastKnownFileType = text.plist.xml; path = Info.plist; sourceTree = "<group>"; };
		DD6296CE26B940AF003CB04D /* Int+Extension.swift */ = {isa = PBXFileReference; lastKnownFileType = sourcecode.swift; path = "Int+Extension.swift"; sourceTree = "<group>"; };
		DD7940BB26BA0229008F2A4E /* MainScreenInteractor.swift */ = {isa = PBXFileReference; lastKnownFileType = sourcecode.swift; path = MainScreenInteractor.swift; sourceTree = "<group>"; };
		DD7940BF26BA029E008F2A4E /* MianScreenRouter.swift */ = {isa = PBXFileReference; lastKnownFileType = sourcecode.swift; path = MianScreenRouter.swift; sourceTree = "<group>"; };
		DD7940C226BA02E3008F2A4E /* MainScreenPresenter.swift */ = {isa = PBXFileReference; lastKnownFileType = sourcecode.swift; path = MainScreenPresenter.swift; sourceTree = "<group>"; };
		DD7940C726BA0533008F2A4E /* MainScreenInteractorSpy.swift */ = {isa = PBXFileReference; lastKnownFileType = sourcecode.swift; path = MainScreenInteractorSpy.swift; sourceTree = "<group>"; };
		DD7940C926BA0549008F2A4E /* MainScreenRouterSpy.swift */ = {isa = PBXFileReference; lastKnownFileType = sourcecode.swift; path = MainScreenRouterSpy.swift; sourceTree = "<group>"; };
		DD7940CB26BA0565008F2A4E /* MainScreenViewSpy.swift */ = {isa = PBXFileReference; lastKnownFileType = sourcecode.swift; path = MainScreenViewSpy.swift; sourceTree = "<group>"; };
		DD7940CD26BA0589008F2A4E /* MainScreenViewControllerTest.swift */ = {isa = PBXFileReference; lastKnownFileType = sourcecode.swift; path = MainScreenViewControllerTest.swift; sourceTree = "<group>"; };
		DD7940CF26BA05CD008F2A4E /* MainScreenPresenterTest.swift */ = {isa = PBXFileReference; lastKnownFileType = sourcecode.swift; path = MainScreenPresenterTest.swift; sourceTree = "<group>"; };
		DD7940D126BA8894008F2A4E /* MainScreenDelegateMethods.swift */ = {isa = PBXFileReference; lastKnownFileType = sourcecode.swift; path = MainScreenDelegateMethods.swift; sourceTree = "<group>"; };
		DD7940D326BA9470008F2A4E /* LocalAlbumCell.swift */ = {isa = PBXFileReference; lastKnownFileType = sourcecode.swift; path = LocalAlbumCell.swift; sourceTree = "<group>"; };
		DD7940D426BA9470008F2A4E /* LocalAlbumCell.xib */ = {isa = PBXFileReference; lastKnownFileType = file.xib; path = LocalAlbumCell.xib; sourceTree = "<group>"; };
		DD7940D726BA9499008F2A4E /* LocalAlbumCellSpy.swift */ = {isa = PBXFileReference; lastKnownFileType = sourcecode.swift; path = LocalAlbumCellSpy.swift; sourceTree = "<group>"; };
		DD7940DD26BB380E008F2A4E /* InteractorBaseWireFrame.swift */ = {isa = PBXFileReference; lastKnownFileType = sourcecode.swift; path = InteractorBaseWireFrame.swift; sourceTree = "<group>"; };
		DD7940E226BB5341008F2A4E /* HelperMethods.swift */ = {isa = PBXFileReference; lastKnownFileType = sourcecode.swift; path = HelperMethods.swift; sourceTree = "<group>"; };
		DD7940E626BB61E7008F2A4E /* AlbumsModelTest.swift */ = {isa = PBXFileReference; lastKnownFileType = sourcecode.swift; path = AlbumsModelTest.swift; sourceTree = "<group>"; };
		DD7940ED26BBFF64008F2A4E /* TosatPopUp.swift */ = {isa = PBXFileReference; lastKnownFileType = sourcecode.swift; path = TosatPopUp.swift; sourceTree = "<group>"; };
		DD7940EF26BC0D95008F2A4E /* AlbumDetailsDelegationMethods.swift */ = {isa = PBXFileReference; lastKnownFileType = sourcecode.swift; path = AlbumDetailsDelegationMethods.swift; sourceTree = "<group>"; };
		DD7940F126BC1173008F2A4E /* TracksCellSpy.swift */ = {isa = PBXFileReference; lastKnownFileType = sourcecode.swift; path = TracksCellSpy.swift; sourceTree = "<group>"; };
		DD7940F326BC1DE7008F2A4E /* AlbumsData.json */ = {isa = PBXFileReference; lastKnownFileType = text.json; path = AlbumsData.json; sourceTree = "<group>"; };
		DD7940F526BC1EDE008F2A4E /* ArtistModelTest.swift */ = {isa = PBXFileReference; lastKnownFileType = sourcecode.swift; path = ArtistModelTest.swift; sourceTree = "<group>"; };
		DD7940F726BC1F40008F2A4E /* ArtistData.json */ = {isa = PBXFileReference; lastKnownFileType = text.json; path = ArtistData.json; sourceTree = "<group>"; };
		DD86AD2226B832B600B1C20C /* AlbumDetailsData.json */ = {isa = PBXFileReference; fileEncoding = 4; lastKnownFileType = text.json; path = AlbumDetailsData.json; sourceTree = "<group>"; };
		DD86AD2526B832EA00B1C20C /* AlbumInfoModelTest.swift */ = {isa = PBXFileReference; lastKnownFileType = sourcecode.swift; path = AlbumInfoModelTest.swift; sourceTree = "<group>"; };
		DDA0981326B3DF01007F3431 /* CustomPlaceholder.xib */ = {isa = PBXFileReference; lastKnownFileType = file.xib; path = CustomPlaceholder.xib; sourceTree = "<group>"; };
		DDA0981526B3DF72007F3431 /* CustomPlaceholder.swift */ = {isa = PBXFileReference; lastKnownFileType = sourcecode.swift; path = CustomPlaceholder.swift; sourceTree = "<group>"; };
		DDA0981726B3DFA7007F3431 /* NibLoadingView.swift */ = {isa = PBXFileReference; lastKnownFileType = sourcecode.swift; path = NibLoadingView.swift; sourceTree = "<group>"; };
		DDA0981E26B428F3007F3431 /* UIImageView+Extension.swift */ = {isa = PBXFileReference; lastKnownFileType = sourcecode.swift; path = "UIImageView+Extension.swift"; sourceTree = "<group>"; };
		DDA0982126B44830007F3431 /* SearchPresenterTest.swift */ = {isa = PBXFileReference; lastKnownFileType = sourcecode.swift; path = SearchPresenterTest.swift; sourceTree = "<group>"; };
		DDA0982426B44949007F3431 /* SearchInteractortSpy.swift */ = {isa = PBXFileReference; lastKnownFileType = sourcecode.swift; path = SearchInteractortSpy.swift; sourceTree = "<group>"; };
		DDA0982626B44964007F3431 /* SearchRouterSpy.swift */ = {isa = PBXFileReference; lastKnownFileType = sourcecode.swift; path = SearchRouterSpy.swift; sourceTree = "<group>"; };
		DDA0982826B4497D007F3431 /* SearchViewSpa.swift */ = {isa = PBXFileReference; lastKnownFileType = sourcecode.swift; path = SearchViewSpa.swift; sourceTree = "<group>"; };
		DDA0982A26B475B8007F3431 /* AritistCellSpy.swift */ = {isa = PBXFileReference; lastKnownFileType = sourcecode.swift; path = AritistCellSpy.swift; sourceTree = "<group>"; };
		DDA0982C26B47ABD007F3431 /* UIViewController+Extension.swift */ = {isa = PBXFileReference; lastKnownFileType = sourcecode.swift; path = "UIViewController+Extension.swift"; sourceTree = "<group>"; };
		DDCE563926B7C918007B8F62 /* AlbumDetailsViewController.swift */ = {isa = PBXFileReference; lastKnownFileType = sourcecode.swift; path = AlbumDetailsViewController.swift; sourceTree = "<group>"; };
		DDCE563A26B7C918007B8F62 /* AlbumDetailsViewController.xib */ = {isa = PBXFileReference; lastKnownFileType = file.xib; path = AlbumDetailsViewController.xib; sourceTree = "<group>"; };
		DDCE563D26B7CB8F007B8F62 /* StretchyHeaderView.swift */ = {isa = PBXFileReference; lastKnownFileType = sourcecode.swift; path = StretchyHeaderView.swift; sourceTree = "<group>"; };
		DDD9D00526B5D72C00502428 /* AlbumsDetailsViewControllerTest.swift */ = {isa = PBXFileReference; lastKnownFileType = sourcecode.swift; path = AlbumsDetailsViewControllerTest.swift; sourceTree = "<group>"; };
		DDD9D00826B676A600502428 /* TrackCell.swift */ = {isa = PBXFileReference; lastKnownFileType = sourcecode.swift; path = TrackCell.swift; sourceTree = "<group>"; };
		DDD9D00926B676A600502428 /* TrackCell.xib */ = {isa = PBXFileReference; lastKnownFileType = file.xib; path = TrackCell.xib; sourceTree = "<group>"; };
		DDD9D00E26B67ADC00502428 /* AlbumDetailsHeaderCell.swift */ = {isa = PBXFileReference; lastKnownFileType = sourcecode.swift; path = AlbumDetailsHeaderCell.swift; sourceTree = "<group>"; };
		DDD9D00F26B67ADC00502428 /* AlbumDetailsHeaderCell.xib */ = {isa = PBXFileReference; lastKnownFileType = file.xib; path = AlbumDetailsHeaderCell.xib; sourceTree = "<group>"; };
		DDD9D01326B689A700502428 /* AlbumDetailsModel.swift */ = {isa = PBXFileReference; lastKnownFileType = sourcecode.swift; path = AlbumDetailsModel.swift; sourceTree = "<group>"; };
		DDD9D01826B68B8100502428 /* AlbumDetailsInteractor.swift */ = {isa = PBXFileReference; lastKnownFileType = sourcecode.swift; path = AlbumDetailsInteractor.swift; sourceTree = "<group>"; };
		DDD9D01A26B68BC400502428 /* AlbumDetailsRouter.swift */ = {isa = PBXFileReference; lastKnownFileType = sourcecode.swift; path = AlbumDetailsRouter.swift; sourceTree = "<group>"; };
		DDD9D01C26B68BFC00502428 /* AlbumDetailsPresenter.swift */ = {isa = PBXFileReference; lastKnownFileType = sourcecode.swift; path = AlbumDetailsPresenter.swift; sourceTree = "<group>"; };
		DDD9D01F26B691D500502428 /* AlbumsDetailsInteractorSpy.swift */ = {isa = PBXFileReference; lastKnownFileType = sourcecode.swift; path = AlbumsDetailsInteractorSpy.swift; sourceTree = "<group>"; };
		DDD9D02126B6923A00502428 /* AlbumsDetailsRouterSpy.swift */ = {isa = PBXFileReference; lastKnownFileType = sourcecode.swift; path = AlbumsDetailsRouterSpy.swift; sourceTree = "<group>"; };
		DDD9D02326B6928A00502428 /*  AlbumsDetailsViewSpy.swift */ = {isa = PBXFileReference; lastKnownFileType = sourcecode.swift; path = " AlbumsDetailsViewSpy.swift"; sourceTree = "<group>"; };
		DDD9D02526B6934600502428 /* AlnumsDetailsPresenterTest.swift */ = {isa = PBXFileReference; lastKnownFileType = sourcecode.swift; path = AlnumsDetailsPresenterTest.swift; sourceTree = "<group>"; };
		DDD9D02726B694E300502428 /* AlbumDetailsData.swift */ = {isa = PBXFileReference; lastKnownFileType = sourcecode.swift; path = AlbumDetailsData.swift; sourceTree = "<group>"; };
		DDD9D02926B69BAC00502428 /* HeaderCellSpy.swift */ = {isa = PBXFileReference; lastKnownFileType = sourcecode.swift; path = HeaderCellSpy.swift; sourceTree = "<group>"; };
		DDDA195A26B2C4E800A1CC1B /* MainScreen.swift */ = {isa = PBXFileReference; lastKnownFileType = sourcecode.swift; path = MainScreen.swift; sourceTree = "<group>"; };
		DDDA195B26B2C4E800A1CC1B /* MainScreen.xib */ = {isa = PBXFileReference; lastKnownFileType = file.xib; path = MainScreen.xib; sourceTree = "<group>"; };
		DDDA195E26B2C50500A1CC1B /* Search.swift */ = {isa = PBXFileReference; lastKnownFileType = sourcecode.swift; path = Search.swift; sourceTree = "<group>"; };
		DDDA195F26B2C50500A1CC1B /* Search.xib */ = {isa = PBXFileReference; lastKnownFileType = file.xib; path = Search.xib; sourceTree = "<group>"; };
		DDDA196226B2C51600A1CC1B /* Albums.swift */ = {isa = PBXFileReference; lastKnownFileType = sourcecode.swift; path = Albums.swift; sourceTree = "<group>"; };
		DDDA196326B2C51600A1CC1B /* Albums.xib */ = {isa = PBXFileReference; lastKnownFileType = file.xib; path = Albums.xib; sourceTree = "<group>"; };
		DDDA196B26B2C93600A1CC1B /* Colors.xcassets */ = {isa = PBXFileReference; lastKnownFileType = folder.assetcatalog; path = Colors.xcassets; sourceTree = "<group>"; };
		DDDA196D26B2CBC600A1CC1B /* DesignSystem.swift */ = {isa = PBXFileReference; lastKnownFileType = sourcecode.swift; path = DesignSystem.swift; sourceTree = "<group>"; };
		DDDA196F26B2CBDD00A1CC1B /* Colors.swift */ = {isa = PBXFileReference; lastKnownFileType = sourcecode.swift; path = Colors.swift; sourceTree = "<group>"; };
		DDDA197326B2E34000A1CC1B /* ArtistCell.swift */ = {isa = PBXFileReference; lastKnownFileType = sourcecode.swift; path = ArtistCell.swift; sourceTree = "<group>"; };
		DDDA197426B2E34000A1CC1B /* ArtistCell.xib */ = {isa = PBXFileReference; lastKnownFileType = file.xib; path = ArtistCell.xib; sourceTree = "<group>"; };
		DDDA197726B2E36700A1CC1B /* TableView+Extension.swift */ = {isa = PBXFileReference; lastKnownFileType = sourcecode.swift; path = "TableView+Extension.swift"; sourceTree = "<group>"; };
		DDDA197926B2E3D900A1CC1B /* UIView+Extension.swift */ = {isa = PBXFileReference; lastKnownFileType = sourcecode.swift; path = "UIView+Extension.swift"; sourceTree = "<group>"; };
		DDEA309226B6C75700329C69 /* RealmManager.swift */ = {isa = PBXFileReference; lastKnownFileType = sourcecode.swift; path = RealmManager.swift; sourceTree = "<group>"; };
/* End PBXFileReference section */

/* Begin PBXFrameworksBuildPhase section */
		DD58683F26B267B600729A6A /* Frameworks */ = {
			isa = PBXFrameworksBuildPhase;
			buildActionMask = 2147483647;
			files = (
				7EC023D633F7E1EE29412795 /* Pods_MusicAlbums.framework in Frameworks */,
			);
			runOnlyForDeploymentPostprocessing = 0;
		};
		DD58685526B267B900729A6A /* Frameworks */ = {
			isa = PBXFrameworksBuildPhase;
			buildActionMask = 2147483647;
			files = (
				FF0AF5EAD4D698C4C451AEE1 /* Pods_MusicAlbumsTests.framework in Frameworks */,
			);
			runOnlyForDeploymentPostprocessing = 0;
		};
/* End PBXFrameworksBuildPhase section */

/* Begin PBXGroup section */
		04DE1A1401D9213DD4CBD0FB /* Frameworks */ = {
			isa = PBXGroup;
			children = (
				8C535714BEDB275EB793972D /* Pods_MusicAlbums.framework */,
				CBCD7AA99886DDF96D55A611 /* Pods_MusicAlbumsTests.framework */,
			);
			name = Frameworks;
			sourceTree = "<group>";
		};
		B02781E70F98D2677B2B6C53 /* Pods */ = {
			isa = PBXGroup;
			children = (
				BD3D29A6AB3DA18E69CFF90F /* Pods-MusicAlbums.debug.xcconfig */,
				70547977B432AEA1BB402897 /* Pods-MusicAlbums.release.xcconfig */,
				7784FA3D6D7E078BF1FBCED6 /* Pods-MusicAlbumsTests.debug.xcconfig */,
				88A1F589C3E854AB496B75A0 /* Pods-MusicAlbumsTests.release.xcconfig */,
			);
			path = Pods;
			sourceTree = "<group>";
		};
		DD06969E26B53755003B6712 /* view */ = {
			isa = PBXGroup;
			children = (
				DD0696A826B543B5003B6712 /* Cell */,
				DDDA196226B2C51600A1CC1B /* Albums.swift */,
				DDDA196326B2C51600A1CC1B /* Albums.xib */,
				DD0696C626B59D70003B6712 /* AlbumsDelegationMethods.swift */,
			);
			path = view;
			sourceTree = "<group>";
		};
		DD06969F26B5377A003B6712 /* AlbumsTest */ = {
			isa = PBXGroup;
			children = (
				DDD9D00226B5D69E00502428 /* AlbumsSpies */,
				DD0696A026B537A7003B6712 /* AlbumsViewControllerTest.swift */,
				DD0696B826B57A82003B6712 /* AlbumsPresenterTest.swift */,
				DD7940E626BB61E7008F2A4E /* AlbumsModelTest.swift */,
			);
			path = AlbumsTest;
			sourceTree = "<group>";
		};
		DD0696A226B53F80003B6712 /* CustomPlaceholder */ = {
			isa = PBXGroup;
			children = (
				DDA0981326B3DF01007F3431 /* CustomPlaceholder.xib */,
				DDA0981526B3DF72007F3431 /* CustomPlaceholder.swift */,
			);
			path = CustomPlaceholder;
			sourceTree = "<group>";
		};
		DD0696A326B53F9B003B6712 /* AlbumView */ = {
			isa = PBXGroup;
			children = (
				DD0696A426B53FC3003B6712 /* AlbumView.xib */,
				DD0696A626B53FCF003B6712 /* AlbumView.swift */,
			);
			path = AlbumView;
			sourceTree = "<group>";
		};
		DD0696A826B543B5003B6712 /* Cell */ = {
			isa = PBXGroup;
			children = (
				DD0696A926B543D2003B6712 /* AlbumCell.swift */,
				DD0696AA26B543D2003B6712 /* AlbumCell.xib */,
			);
			path = Cell;
			sourceTree = "<group>";
		};
		DD0696AF26B57766003B6712 /* Presenter */ = {
			isa = PBXGroup;
			children = (
				DD0696B026B57779003B6712 /* AlbumsPresenter.swift */,
			);
			path = Presenter;
			sourceTree = "<group>";
		};
		DD0696B226B57888003B6712 /* Interactor */ = {
			isa = PBXGroup;
			children = (
				DD0696B326B5789A003B6712 /* AlbumsInteractror.swift */,
			);
			path = Interactor;
			sourceTree = "<group>";
		};
		DD0696B526B578D6003B6712 /* Router */ = {
			isa = PBXGroup;
			children = (
				DD0696B626B578E5003B6712 /* AlbumsRouter.swift */,
			);
			path = Router;
			sourceTree = "<group>";
		};
		DD43DCBB26B2FE13006E9979 /* presenter */ = {
			isa = PBXGroup;
			children = (
				DD43DCBC26B2FE2C006E9979 /* SearchPresenter.swift */,
			);
			path = presenter;
			sourceTree = "<group>";
		};
		DD43DCBE26B2FF5F006E9979 /* Router */ = {
			isa = PBXGroup;
			children = (
				DD43DCC026B2FF78006E9979 /* SearchRouter.swift */,
			);
			path = Router;
			sourceTree = "<group>";
		};
		DD43DCBF26B2FF66006E9979 /* Interactor */ = {
			isa = PBXGroup;
			children = (
				DD43DCC226B2FFF9006E9979 /* SearchInteractor.swift */,
			);
			path = Interactor;
			sourceTree = "<group>";
		};
		DD43DCC426B30DE8006E9979 /* Models */ = {
			isa = PBXGroup;
			children = (
				DD86AD2226B832B600B1C20C /* AlbumDetailsData.json */,
				DD7940F326BC1DE7008F2A4E /* AlbumsData.json */,
				DD7940F726BC1F40008F2A4E /* ArtistData.json */,
				DD43DCC526B30E13006E9979 /* AritistModel.swift */,
				DD0696C026B57E8D003B6712 /* AlbumModel.swift */,
				DDD9D01326B689A700502428 /* AlbumDetailsModel.swift */,
			);
			path = Models;
			sourceTree = "<group>";
		};
		DD43DCC726B30F19006E9979 /* Data */ = {
			isa = PBXGroup;
			children = (
				DD43DCC926B30F36006E9979 /* Local */,
				DD43DCC826B30F30006E9979 /* Remote */,
			);
			path = Data;
			sourceTree = "<group>";
		};
		DD43DCC826B30F30006E9979 /* Remote */ = {
			isa = PBXGroup;
			children = (
				DD43DCD126B314AE006E9979 /* APIS */,
				DD43DCCE26B31431006E9979 /* RequestBuilder */,
			);
			path = Remote;
			sourceTree = "<group>";
		};
		DD43DCC926B30F36006E9979 /* Local */ = {
			isa = PBXGroup;
			children = (
				DDEA309226B6C75700329C69 /* RealmManager.swift */,
			);
			path = Local;
			sourceTree = "<group>";
		};
		DD43DCCE26B31431006E9979 /* RequestBuilder */ = {
			isa = PBXGroup;
			children = (
				DD43DCCC26B31031006E9979 /* NetworkRequestError.swift */,
				DD43DCCA26B30F67006E9979 /* UrlRequestBuilder.swift */,
				DD43DCCF26B31464006E9979 /* APIManager..swift */,
			);
			path = RequestBuilder;
			sourceTree = "<group>";
		};
		DD43DCD126B314AE006E9979 /* APIS */ = {
			isa = PBXGroup;
			children = (
				DD43DCD226B314E1006E9979 /* ArtistAPI.swift */,
			);
			path = APIS;
			sourceTree = "<group>";
		};
		DD43DCD626B3270F006E9979 /* DataTest */ = {
			isa = PBXGroup;
			children = (
				DD43DCD726B3271B006E9979 /* NetworkLayerTest */,
			);
			path = DataTest;
			sourceTree = "<group>";
		};
		DD43DCD726B3271B006E9979 /* NetworkLayerTest */ = {
			isa = PBXGroup;
			children = (
				DD43DCD826B32742006E9979 /* MockURLSession.swift */,
				DD43DCDA26B3277E006E9979 /* APIManagerTest.swift */,
			);
			path = NetworkLayerTest;
			sourceTree = "<group>";
		};
		DD43DCDC26B33109006E9979 /* Helper */ = {
			isa = PBXGroup;
			children = (
				DD43DCDD26B3313B006E9979 /* AritistModelData.swift */,
				DD0696C226B58A42003B6712 /* AlbumModelData.swift */,
				DDD9D02726B694E300502428 /* AlbumDetailsData.swift */,
				DD7940E226BB5341008F2A4E /* HelperMethods.swift */,
			);
			path = Helper;
			sourceTree = "<group>";
		};
		DD58683926B267B600729A6A = {
			isa = PBXGroup;
			children = (
				DD58684426B267B600729A6A /* MusicAlbums */,
				DD58685B26B267B900729A6A /* MusicAlbumsTests */,
				DD58684326B267B600729A6A /* Products */,
				B02781E70F98D2677B2B6C53 /* Pods */,
				04DE1A1401D9213DD4CBD0FB /* Frameworks */,
			);
			sourceTree = "<group>";
		};
		DD58684326B267B600729A6A /* Products */ = {
			isa = PBXGroup;
			children = (
				DD58684226B267B600729A6A /* MusicAlbums.app */,
				DD58685826B267B900729A6A /* MusicAlbumsTests.xctest */,
			);
			name = Products;
			sourceTree = "<group>";
		};
		DD58684426B267B600729A6A /* MusicAlbums */ = {
			isa = PBXGroup;
			children = (
				DDDA195226B2C30900A1CC1B /* Configuration */,
				DDDA195126B2C2AC00A1CC1B /* Resources */,
				DDDA195426B2C42000A1CC1B /* Extension */,
				DDDA195026B2C28E00A1CC1B /* Core */,
				DD43DCC726B30F19006E9979 /* Data */,
				DD43DCC426B30DE8006E9979 /* Models */,
				DDDA195326B2C3BF00A1CC1B /* Sences */,
			);
			path = MusicAlbums;
			sourceTree = "<group>";
		};
		DD58685B26B267B900729A6A /* MusicAlbumsTests */ = {
			isa = PBXGroup;
			children = (
				DD43DCDC26B33109006E9979 /* Helper */,
				DD43DCD626B3270F006E9979 /* DataTest */,
				DD7940C526BA04DC008F2A4E /* MainScreenTest */,
				DDA0982026B447A1007F3431 /* SearchTest */,
				DD06969F26B5377A003B6712 /* AlbumsTest */,
				DDD9D00426B5D6F800502428 /* AlbumsDetailsTest */,
				DD58685E26B267B900729A6A /* Info.plist */,
			);
			path = MusicAlbumsTests;
			sourceTree = "<group>";
		};
		DD7940BD26BA022F008F2A4E /* Interactor */ = {
			isa = PBXGroup;
			children = (
				DD7940BB26BA0229008F2A4E /* MainScreenInteractor.swift */,
			);
			path = Interactor;
			sourceTree = "<group>";
		};
		DD7940BE26BA028C008F2A4E /* Router */ = {
			isa = PBXGroup;
			children = (
				DD7940BF26BA029E008F2A4E /* MianScreenRouter.swift */,
			);
			path = Router;
			sourceTree = "<group>";
		};
		DD7940C126BA02C9008F2A4E /* Presenter */ = {
			isa = PBXGroup;
			children = (
				DD7940C226BA02E3008F2A4E /* MainScreenPresenter.swift */,
			);
			path = Presenter;
			sourceTree = "<group>";
		};
		DD7940C426BA030D008F2A4E /* View */ = {
			isa = PBXGroup;
			children = (
				DD7940D926BACBFC008F2A4E /* Cell */,
				DDDA195A26B2C4E800A1CC1B /* MainScreen.swift */,
				DD7940D126BA8894008F2A4E /* MainScreenDelegateMethods.swift */,
				DDDA195B26B2C4E800A1CC1B /* MainScreen.xib */,
			);
			path = View;
			sourceTree = "<group>";
		};
		DD7940C526BA04DC008F2A4E /* MainScreenTest */ = {
			isa = PBXGroup;
			children = (
				DD7940C626BA04F9008F2A4E /* MainScreenSpies */,
				DD7940CD26BA0589008F2A4E /* MainScreenViewControllerTest.swift */,
				DD7940CF26BA05CD008F2A4E /* MainScreenPresenterTest.swift */,
			);
			path = MainScreenTest;
			sourceTree = "<group>";
		};
		DD7940C626BA04F9008F2A4E /* MainScreenSpies */ = {
			isa = PBXGroup;
			children = (
				DD7940C726BA0533008F2A4E /* MainScreenInteractorSpy.swift */,
				DD7940C926BA0549008F2A4E /* MainScreenRouterSpy.swift */,
				DD7940CB26BA0565008F2A4E /* MainScreenViewSpy.swift */,
				DD7940D726BA9499008F2A4E /* LocalAlbumCellSpy.swift */,
			);
			path = MainScreenSpies;
			sourceTree = "<group>";
		};
		DD7940D926BACBFC008F2A4E /* Cell */ = {
			isa = PBXGroup;
			children = (
				DD7940D326BA9470008F2A4E /* LocalAlbumCell.swift */,
				DD7940D426BA9470008F2A4E /* LocalAlbumCell.xib */,
			);
			path = Cell;
			sourceTree = "<group>";
		};
		DD7940EC26BBFF3D008F2A4E /* TosatPopUp */ = {
			isa = PBXGroup;
			children = (
				DD7940ED26BBFF64008F2A4E /* TosatPopUp.swift */,
			);
			path = TosatPopUp;
			sourceTree = "<group>";
		};
		DDA0981226B3DEC3007F3431 /* Views */ = {
			isa = PBXGroup;
			children = (
				DD7940EC26BBFF3D008F2A4E /* TosatPopUp */,
				DDCE563F26B7CBC9007B8F62 /* StretchyHeader */,
				DD0696A326B53F9B003B6712 /* AlbumView */,
				DD0696A226B53F80003B6712 /* CustomPlaceholder */,
				DDA0981726B3DFA7007F3431 /* NibLoadingView.swift */,
			);
			path = Views;
			sourceTree = "<group>";
		};
		DDA0982026B447A1007F3431 /* SearchTest */ = {
			isa = PBXGroup;
			children = (
				DDD9D00326B5D6D600502428 /* SearchSpies */,
				DDA0982126B44830007F3431 /* SearchPresenterTest.swift */,
				DDA0982426B44949007F3431 /* SearchInteractortSpy.swift */,
				DD7940F526BC1EDE008F2A4E /* ArtistModelTest.swift */,
			);
			path = SearchTest;
			sourceTree = "<group>";
		};
		DDCE563F26B7CBC9007B8F62 /* StretchyHeader */ = {
			isa = PBXGroup;
			children = (
				DDCE563D26B7CB8F007B8F62 /* StretchyHeaderView.swift */,
			);
			path = StretchyHeader;
			sourceTree = "<group>";
		};
		DDD9D00226B5D69E00502428 /* AlbumsSpies */ = {
			isa = PBXGroup;
			children = (
				DD0696BA26B57B22003B6712 /* AlbumsInteractorSpy.swift */,
				DD0696BC26B57B9A003B6712 /* AlbumsViewSpy.swift */,
				DD0696BE26B57BEE003B6712 /* AlbumsRouterSpy.swift */,
				DD0696C426B5997D003B6712 /* AlbumsCellSpy.swift */,
			);
			path = AlbumsSpies;
			sourceTree = "<group>";
		};
		DDD9D00326B5D6D600502428 /* SearchSpies */ = {
			isa = PBXGroup;
			children = (
				DDA0982626B44964007F3431 /* SearchRouterSpy.swift */,
				DDA0982826B4497D007F3431 /* SearchViewSpa.swift */,
				DDA0982A26B475B8007F3431 /* AritistCellSpy.swift */,
			);
			path = SearchSpies;
			sourceTree = "<group>";
		};
		DDD9D00426B5D6F800502428 /* AlbumsDetailsTest */ = {
			isa = PBXGroup;
			children = (
				DDD9D01E26B691A900502428 /* AlbumsDetailsSpies */,
				DD86AD2526B832EA00B1C20C /* AlbumInfoModelTest.swift */,
				DDD9D00526B5D72C00502428 /* AlbumsDetailsViewControllerTest.swift */,
				DDD9D02526B6934600502428 /* AlnumsDetailsPresenterTest.swift */,
			);
			path = AlbumsDetailsTest;
			sourceTree = "<group>";
		};
		DDD9D00726B6767500502428 /* View */ = {
			isa = PBXGroup;
			children = (
				DDD9D01226B67F4C00502428 /* cell */,
				DDCE563926B7C918007B8F62 /* AlbumDetailsViewController.swift */,
				DDCE563A26B7C918007B8F62 /* AlbumDetailsViewController.xib */,
				DD7940EF26BC0D95008F2A4E /* AlbumDetailsDelegationMethods.swift */,
			);
			path = View;
			sourceTree = "<group>";
		};
		DDD9D01226B67F4C00502428 /* cell */ = {
			isa = PBXGroup;
			children = (
				DDD9D00826B676A600502428 /* TrackCell.swift */,
				DDD9D00926B676A600502428 /* TrackCell.xib */,
				DDD9D00E26B67ADC00502428 /* AlbumDetailsHeaderCell.swift */,
				DDD9D00F26B67ADC00502428 /* AlbumDetailsHeaderCell.xib */,
			);
			path = cell;
			sourceTree = "<group>";
		};
		DDD9D01526B68B4900502428 /* Presenter */ = {
			isa = PBXGroup;
			children = (
				DDD9D01C26B68BFC00502428 /* AlbumDetailsPresenter.swift */,
			);
			path = Presenter;
			sourceTree = "<group>";
		};
		DDD9D01626B68B5100502428 /* Router */ = {
			isa = PBXGroup;
			children = (
				DDD9D01A26B68BC400502428 /* AlbumDetailsRouter.swift */,
			);
			path = Router;
			sourceTree = "<group>";
		};
		DDD9D01726B68B5800502428 /* Interactor */ = {
			isa = PBXGroup;
			children = (
				DDD9D01826B68B8100502428 /* AlbumDetailsInteractor.swift */,
			);
			path = Interactor;
			sourceTree = "<group>";
		};
		DDD9D01E26B691A900502428 /* AlbumsDetailsSpies */ = {
			isa = PBXGroup;
			children = (
				DDD9D01F26B691D500502428 /* AlbumsDetailsInteractorSpy.swift */,
				DDD9D02126B6923A00502428 /* AlbumsDetailsRouterSpy.swift */,
				DDD9D02326B6928A00502428 /*  AlbumsDetailsViewSpy.swift */,
				DDD9D02926B69BAC00502428 /* HeaderCellSpy.swift */,
				DD7940F126BC1173008F2A4E /* TracksCellSpy.swift */,
			);
			path = AlbumsDetailsSpies;
			sourceTree = "<group>";
		};
		DDDA195026B2C28E00A1CC1B /* Core */ = {
			isa = PBXGroup;
			children = (
				DDDA195526B2C42F00A1CC1B /* DesignSystem */,
				DDA0981226B3DEC3007F3431 /* Views */,
				DD58684526B267B600729A6A /* AppDelegate.swift */,
				DD7940DD26BB380E008F2A4E /* InteractorBaseWireFrame.swift */,
			);
			path = Core;
			sourceTree = "<group>";
		};
		DDDA195126B2C2AC00A1CC1B /* Resources */ = {
			isa = PBXGroup;
			children = (
				DD58685026B267B900729A6A /* LaunchScreen.storyboard */,
				DD58684E26B267B900729A6A /* Assets.xcassets */,
			);
			path = Resources;
			sourceTree = "<group>";
		};
		DDDA195226B2C30900A1CC1B /* Configuration */ = {
			isa = PBXGroup;
			children = (
				DD58685326B267B900729A6A /* Info.plist */,
			);
			path = Configuration;
			sourceTree = "<group>";
		};
		DDDA195326B2C3BF00A1CC1B /* Sences */ = {
			isa = PBXGroup;
			children = (
				DDDA195626B2C45500A1CC1B /* MainScreen */,
				DDDA195726B2C46000A1CC1B /* Search */,
				DDDA195826B2C46700A1CC1B /* Albums */,
				DDDA195926B2C49800A1CC1B /* AlbumDetails */,
			);
			path = Sences;
			sourceTree = "<group>";
		};
		DDDA195426B2C42000A1CC1B /* Extension */ = {
			isa = PBXGroup;
			children = (
				DDDA197726B2E36700A1CC1B /* TableView+Extension.swift */,
				DDDA197926B2E3D900A1CC1B /* UIView+Extension.swift */,
				DDA0981E26B428F3007F3431 /* UIImageView+Extension.swift */,
				DDA0982C26B47ABD007F3431 /* UIViewController+Extension.swift */,
				DD0696AD26B54651003B6712 /* UICollectionView+Extension.swift */,
				DD6296CE26B940AF003CB04D /* Int+Extension.swift */,
			);
			path = Extension;
			sourceTree = "<group>";
		};
		DDDA195526B2C42F00A1CC1B /* DesignSystem */ = {
			isa = PBXGroup;
			children = (
				DDDA196A26B2C80500A1CC1B /* Colors */,
				DDDA196D26B2CBC600A1CC1B /* DesignSystem.swift */,
			);
			path = DesignSystem;
			sourceTree = "<group>";
		};
		DDDA195626B2C45500A1CC1B /* MainScreen */ = {
			isa = PBXGroup;
			children = (
				DD7940BE26BA028C008F2A4E /* Router */,
				DD7940BD26BA022F008F2A4E /* Interactor */,
				DD7940C126BA02C9008F2A4E /* Presenter */,
				DD7940C426BA030D008F2A4E /* View */,
			);
			path = MainScreen;
			sourceTree = "<group>";
		};
		DDDA195726B2C46000A1CC1B /* Search */ = {
			isa = PBXGroup;
			children = (
				DD43DCBF26B2FF66006E9979 /* Interactor */,
				DD43DCBE26B2FF5F006E9979 /* Router */,
				DD43DCBB26B2FE13006E9979 /* presenter */,
				DDDA197126B2E2C000A1CC1B /* View */,
			);
			path = Search;
			sourceTree = "<group>";
		};
		DDDA195826B2C46700A1CC1B /* Albums */ = {
			isa = PBXGroup;
			children = (
				DD0696B526B578D6003B6712 /* Router */,
				DD0696B226B57888003B6712 /* Interactor */,
				DD0696AF26B57766003B6712 /* Presenter */,
				DD06969E26B53755003B6712 /* view */,
			);
			path = Albums;
			sourceTree = "<group>";
		};
		DDDA195926B2C49800A1CC1B /* AlbumDetails */ = {
			isa = PBXGroup;
			children = (
				DDD9D01726B68B5800502428 /* Interactor */,
				DDD9D01626B68B5100502428 /* Router */,
				DDD9D01526B68B4900502428 /* Presenter */,
				DDD9D00726B6767500502428 /* View */,
			);
			path = AlbumDetails;
			sourceTree = "<group>";
		};
		DDDA196A26B2C80500A1CC1B /* Colors */ = {
			isa = PBXGroup;
			children = (
				DDDA196B26B2C93600A1CC1B /* Colors.xcassets */,
				DDDA196F26B2CBDD00A1CC1B /* Colors.swift */,
			);
			path = Colors;
			sourceTree = "<group>";
		};
		DDDA197126B2E2C000A1CC1B /* View */ = {
			isa = PBXGroup;
			children = (
				DDDA197226B2E30800A1CC1B /* Cell */,
				DDDA195F26B2C50500A1CC1B /* Search.xib */,
				DDDA195E26B2C50500A1CC1B /* Search.swift */,
				DD43DCD426B31F51006E9979 /* SearchDelegateMethods.swift */,
			);
			path = View;
			sourceTree = "<group>";
		};
		DDDA197226B2E30800A1CC1B /* Cell */ = {
			isa = PBXGroup;
			children = (
				DDDA197326B2E34000A1CC1B /* ArtistCell.swift */,
				DDDA197426B2E34000A1CC1B /* ArtistCell.xib */,
			);
			path = Cell;
			sourceTree = "<group>";
		};
/* End PBXGroup section */

/* Begin PBXNativeTarget section */
		DD58684126B267B600729A6A /* MusicAlbums */ = {
			isa = PBXNativeTarget;
			buildConfigurationList = DD58686C26B267B900729A6A /* Build configuration list for PBXNativeTarget "MusicAlbums" */;
			buildPhases = (
				B970A502DC993E92314D79DA /* [CP] Check Pods Manifest.lock */,
				DD58683E26B267B600729A6A /* Sources */,
				DD58683F26B267B600729A6A /* Frameworks */,
				DD58684026B267B600729A6A /* Resources */,
				D18CBABC950820F45AFBC8C4 /* [CP] Embed Pods Frameworks */,
			);
			buildRules = (
			);
			dependencies = (
			);
			name = MusicAlbums;
			productName = MusicAlbums;
			productReference = DD58684226B267B600729A6A /* MusicAlbums.app */;
			productType = "com.apple.product-type.application";
		};
		DD58685726B267B900729A6A /* MusicAlbumsTests */ = {
			isa = PBXNativeTarget;
			buildConfigurationList = DD58686F26B267B900729A6A /* Build configuration list for PBXNativeTarget "MusicAlbumsTests" */;
			buildPhases = (
				1ECCE525B8B6527FB7A77158 /* [CP] Check Pods Manifest.lock */,
				DD58685426B267B900729A6A /* Sources */,
				DD58685526B267B900729A6A /* Frameworks */,
				DD58685626B267B900729A6A /* Resources */,
			);
			buildRules = (
			);
			dependencies = (
				DD58685A26B267B900729A6A /* PBXTargetDependency */,
			);
			name = MusicAlbumsTests;
			productName = MusicAlbumsTests;
			productReference = DD58685826B267B900729A6A /* MusicAlbumsTests.xctest */;
			productType = "com.apple.product-type.bundle.unit-test";
		};
/* End PBXNativeTarget section */

/* Begin PBXProject section */
		DD58683A26B267B600729A6A /* Project object */ = {
			isa = PBXProject;
			attributes = {
				LastSwiftUpdateCheck = 1250;
				LastUpgradeCheck = 1250;
				TargetAttributes = {
					DD58684126B267B600729A6A = {
						CreatedOnToolsVersion = 12.5.1;
					};
					DD58685726B267B900729A6A = {
						CreatedOnToolsVersion = 12.5.1;
						TestTargetID = DD58684126B267B600729A6A;
					};
				};
			};
			buildConfigurationList = DD58683D26B267B600729A6A /* Build configuration list for PBXProject "MusicAlbums" */;
			compatibilityVersion = "Xcode 9.3";
			developmentRegion = en;
			hasScannedForEncodings = 0;
			knownRegions = (
				en,
				Base,
			);
			mainGroup = DD58683926B267B600729A6A;
			productRefGroup = DD58684326B267B600729A6A /* Products */;
			projectDirPath = "";
			projectRoot = "";
			targets = (
				DD58684126B267B600729A6A /* MusicAlbums */,
				DD58685726B267B900729A6A /* MusicAlbumsTests */,
			);
		};
/* End PBXProject section */

/* Begin PBXResourcesBuildPhase section */
		DD58684026B267B600729A6A /* Resources */ = {
			isa = PBXResourcesBuildPhase;
			buildActionMask = 2147483647;
			files = (
				DD0696AC26B543D2003B6712 /* AlbumCell.xib in Resources */,
				DD0696A526B53FC3003B6712 /* AlbumView.xib in Resources */,
				DDDA195D26B2C4E800A1CC1B /* MainScreen.xib in Resources */,
				DDD9D00B26B676A600502428 /* TrackCell.xib in Resources */,
				DD58685226B267B900729A6A /* LaunchScreen.storyboard in Resources */,
				DD7940F426BC1DE7008F2A4E /* AlbumsData.json in Resources */,
				DD58684F26B267B900729A6A /* Assets.xcassets in Resources */,
				DD7940F826BC1F40008F2A4E /* ArtistData.json in Resources */,
				DDD9D01126B67ADC00502428 /* AlbumDetailsHeaderCell.xib in Resources */,
				DD7940D626BA9470008F2A4E /* LocalAlbumCell.xib in Resources */,
				DDDA196126B2C50500A1CC1B /* Search.xib in Resources */,
				DDDA196526B2C51600A1CC1B /* Albums.xib in Resources */,
				DDDA197626B2E34000A1CC1B /* ArtistCell.xib in Resources */,
				DDCE563C26B7C918007B8F62 /* AlbumDetailsViewController.xib in Resources */,
				DDA0981426B3DF01007F3431 /* CustomPlaceholder.xib in Resources */,
				DD86AD2326B832B600B1C20C /* AlbumDetailsData.json in Resources */,
				DDDA196C26B2C93600A1CC1B /* Colors.xcassets in Resources */,
			);
			runOnlyForDeploymentPostprocessing = 0;
		};
		DD58685626B267B900729A6A /* Resources */ = {
			isa = PBXResourcesBuildPhase;
			buildActionMask = 2147483647;
			files = (
			);
			runOnlyForDeploymentPostprocessing = 0;
		};
/* End PBXResourcesBuildPhase section */

/* Begin PBXShellScriptBuildPhase section */
		1ECCE525B8B6527FB7A77158 /* [CP] Check Pods Manifest.lock */ = {
			isa = PBXShellScriptBuildPhase;
			buildActionMask = 2147483647;
			files = (
			);
			inputFileListPaths = (
			);
			inputPaths = (
				"${PODS_PODFILE_DIR_PATH}/Podfile.lock",
				"${PODS_ROOT}/Manifest.lock",
			);
			name = "[CP] Check Pods Manifest.lock";
			outputFileListPaths = (
			);
			outputPaths = (
				"$(DERIVED_FILE_DIR)/Pods-MusicAlbumsTests-checkManifestLockResult.txt",
			);
			runOnlyForDeploymentPostprocessing = 0;
			shellPath = /bin/sh;
			shellScript = "diff \"${PODS_PODFILE_DIR_PATH}/Podfile.lock\" \"${PODS_ROOT}/Manifest.lock\" > /dev/null\nif [ $? != 0 ] ; then\n    # print error to STDERR\n    echo \"error: The sandbox is not in sync with the Podfile.lock. Run 'pod install' or update your CocoaPods installation.\" >&2\n    exit 1\nfi\n# This output is used by Xcode 'outputs' to avoid re-running this script phase.\necho \"SUCCESS\" > \"${SCRIPT_OUTPUT_FILE_0}\"\n";
			showEnvVarsInLog = 0;
		};
		B970A502DC993E92314D79DA /* [CP] Check Pods Manifest.lock */ = {
			isa = PBXShellScriptBuildPhase;
			buildActionMask = 2147483647;
			files = (
			);
			inputFileListPaths = (
			);
			inputPaths = (
				"${PODS_PODFILE_DIR_PATH}/Podfile.lock",
				"${PODS_ROOT}/Manifest.lock",
			);
			name = "[CP] Check Pods Manifest.lock";
			outputFileListPaths = (
			);
			outputPaths = (
				"$(DERIVED_FILE_DIR)/Pods-MusicAlbums-checkManifestLockResult.txt",
			);
			runOnlyForDeploymentPostprocessing = 0;
			shellPath = /bin/sh;
			shellScript = "diff \"${PODS_PODFILE_DIR_PATH}/Podfile.lock\" \"${PODS_ROOT}/Manifest.lock\" > /dev/null\nif [ $? != 0 ] ; then\n    # print error to STDERR\n    echo \"error: The sandbox is not in sync with the Podfile.lock. Run 'pod install' or update your CocoaPods installation.\" >&2\n    exit 1\nfi\n# This output is used by Xcode 'outputs' to avoid re-running this script phase.\necho \"SUCCESS\" > \"${SCRIPT_OUTPUT_FILE_0}\"\n";
			showEnvVarsInLog = 0;
		};
		D18CBABC950820F45AFBC8C4 /* [CP] Embed Pods Frameworks */ = {
			isa = PBXShellScriptBuildPhase;
			buildActionMask = 2147483647;
			files = (
			);
			inputFileListPaths = (
				"${PODS_ROOT}/Target Support Files/Pods-MusicAlbums/Pods-MusicAlbums-frameworks-${CONFIGURATION}-input-files.xcfilelist",
			);
			name = "[CP] Embed Pods Frameworks";
			outputFileListPaths = (
				"${PODS_ROOT}/Target Support Files/Pods-MusicAlbums/Pods-MusicAlbums-frameworks-${CONFIGURATION}-output-files.xcfilelist",
			);
			runOnlyForDeploymentPostprocessing = 0;
			shellPath = /bin/sh;
			shellScript = "\"${PODS_ROOT}/Target Support Files/Pods-MusicAlbums/Pods-MusicAlbums-frameworks.sh\"\n";
			showEnvVarsInLog = 0;
		};
/* End PBXShellScriptBuildPhase section */

/* Begin PBXSourcesBuildPhase section */
		DD58683E26B267B600729A6A /* Sources */ = {
			isa = PBXSourcesBuildPhase;
			buildActionMask = 2147483647;
			files = (
				DD43DCBD26B2FE2C006E9979 /* SearchPresenter.swift in Sources */,
				DD0696C126B57E8D003B6712 /* AlbumModel.swift in Sources */,
				DD0696B126B57779003B6712 /* AlbumsPresenter.swift in Sources */,
				DD0696C726B59D70003B6712 /* AlbumsDelegationMethods.swift in Sources */,
				DD0696B726B578E5003B6712 /* AlbumsRouter.swift in Sources */,
				DDD9D01926B68B8100502428 /* AlbumDetailsInteractor.swift in Sources */,
				DD7940DE26BB380E008F2A4E /* InteractorBaseWireFrame.swift in Sources */,
				DD43DCCD26B31031006E9979 /* NetworkRequestError.swift in Sources */,
				DDDA196E26B2CBC600A1CC1B /* DesignSystem.swift in Sources */,
				DDA0981826B3DFA7007F3431 /* NibLoadingView.swift in Sources */,
				DDD9D00A26B676A600502428 /* TrackCell.swift in Sources */,
				DDDA197826B2E36700A1CC1B /* TableView+Extension.swift in Sources */,
				DDEA309326B6C75700329C69 /* RealmManager.swift in Sources */,
				DD7940F026BC0D95008F2A4E /* AlbumDetailsDelegationMethods.swift in Sources */,
				DDA0981626B3DF72007F3431 /* CustomPlaceholder.swift in Sources */,
				DD0696AE26B54651003B6712 /* UICollectionView+Extension.swift in Sources */,
				DD7940D226BA8894008F2A4E /* MainScreenDelegateMethods.swift in Sources */,
				DD0696A726B53FD0003B6712 /* AlbumView.swift in Sources */,
				DD43DCCB26B30F67006E9979 /* UrlRequestBuilder.swift in Sources */,
				DDA0982D26B47ABD007F3431 /* UIViewController+Extension.swift in Sources */,
				DD43DCC326B2FFF9006E9979 /* SearchInteractor.swift in Sources */,
				DD43DCD526B31F51006E9979 /* SearchDelegateMethods.swift in Sources */,
				DD0696AB26B543D2003B6712 /* AlbumCell.swift in Sources */,
				DD43DCC126B2FF78006E9979 /* SearchRouter.swift in Sources */,
				DDCE563B26B7C918007B8F62 /* AlbumDetailsViewController.swift in Sources */,
				DDD9D01026B67ADC00502428 /* AlbumDetailsHeaderCell.swift in Sources */,
				DDDA197526B2E34000A1CC1B /* ArtistCell.swift in Sources */,
				DDDA196426B2C51600A1CC1B /* Albums.swift in Sources */,
				DD43DCD026B31464006E9979 /* APIManager..swift in Sources */,
				DDD9D01426B689A700502428 /* AlbumDetailsModel.swift in Sources */,
				DDDA197026B2CBDD00A1CC1B /* Colors.swift in Sources */,
				DDDA195C26B2C4E800A1CC1B /* MainScreen.swift in Sources */,
				DD7940D526BA9470008F2A4E /* LocalAlbumCell.swift in Sources */,
				DD7940C026BA029E008F2A4E /* MianScreenRouter.swift in Sources */,
				DD7940EE26BBFF64008F2A4E /* TosatPopUp.swift in Sources */,
				DD43DCD326B314E1006E9979 /* ArtistAPI.swift in Sources */,
				DDDA196026B2C50500A1CC1B /* Search.swift in Sources */,
				DDA0981F26B428F4007F3431 /* UIImageView+Extension.swift in Sources */,
				DD7940BC26BA0229008F2A4E /* MainScreenInteractor.swift in Sources */,
				DDD9D01B26B68BC400502428 /* AlbumDetailsRouter.swift in Sources */,
				DD0696B426B5789A003B6712 /* AlbumsInteractror.swift in Sources */,
				DDDA197A26B2E3D900A1CC1B /* UIView+Extension.swift in Sources */,
				DD43DCC626B30E13006E9979 /* AritistModel.swift in Sources */,
				DD7940C326BA02E3008F2A4E /* MainScreenPresenter.swift in Sources */,
				DDCE563E26B7CB8F007B8F62 /* StretchyHeaderView.swift in Sources */,
				DD58684626B267B600729A6A /* AppDelegate.swift in Sources */,
				DDD9D01D26B68BFC00502428 /* AlbumDetailsPresenter.swift in Sources */,
				DD6296CF26B940AF003CB04D /* Int+Extension.swift in Sources */,
			);
			runOnlyForDeploymentPostprocessing = 0;
		};
		DD58685426B267B900729A6A /* Sources */ = {
			isa = PBXSourcesBuildPhase;
			buildActionMask = 2147483647;
			files = (
				DD0696BB26B57B22003B6712 /* AlbumsInteractorSpy.swift in Sources */,
				DDD9D02A26B69BAC00502428 /* HeaderCellSpy.swift in Sources */,
				DD7940F626BC1EDE008F2A4E /* ArtistModelTest.swift in Sources */,
				DD7940CA26BA0549008F2A4E /* MainScreenRouterSpy.swift in Sources */,
				DD0696C326B58A42003B6712 /* AlbumModelData.swift in Sources */,
				DD43DCD926B32742006E9979 /* MockURLSession.swift in Sources */,
				DD7940E726BB61E7008F2A4E /* AlbumsModelTest.swift in Sources */,
				DD0696C526B5997D003B6712 /* AlbumsCellSpy.swift in Sources */,
				DD43DCDE26B3313B006E9979 /* AritistModelData.swift in Sources */,
				DDA0982926B4497D007F3431 /* SearchViewSpa.swift in Sources */,
				DD0696BF26B57BEE003B6712 /* AlbumsRouterSpy.swift in Sources */,
				DDD9D02226B6923A00502428 /* AlbumsDetailsRouterSpy.swift in Sources */,
				DD86AD2626B832EA00B1C20C /* AlbumInfoModelTest.swift in Sources */,
				DDD9D02026B691D500502428 /* AlbumsDetailsInteractorSpy.swift in Sources */,
				DDA0982B26B475B8007F3431 /* AritistCellSpy.swift in Sources */,
				DDD9D02626B6934600502428 /* AlnumsDetailsPresenterTest.swift in Sources */,
				DD7940C826BA0533008F2A4E /* MainScreenInteractorSpy.swift in Sources */,
				DD0696BD26B57B9A003B6712 /* AlbumsViewSpy.swift in Sources */,
				DDD9D00626B5D72C00502428 /* AlbumsDetailsViewControllerTest.swift in Sources */,
				DD7940F226BC1173008F2A4E /* TracksCellSpy.swift in Sources */,
				DD7940D026BA05CD008F2A4E /* MainScreenPresenterTest.swift in Sources */,
				DDD9D02426B6928A00502428 /*  AlbumsDetailsViewSpy.swift in Sources */,
				DD0696A126B537A7003B6712 /* AlbumsViewControllerTest.swift in Sources */,
				DDA0982226B44830007F3431 /* SearchPresenterTest.swift in Sources */,
				DDD9D02826B694E300502428 /* AlbumDetailsData.swift in Sources */,
				DD7940CE26BA0589008F2A4E /* MainScreenViewControllerTest.swift in Sources */,
				DD0696B926B57A82003B6712 /* AlbumsPresenterTest.swift in Sources */,
				DDA0982526B44949007F3431 /* SearchInteractortSpy.swift in Sources */,
				DD7940D826BA9499008F2A4E /* LocalAlbumCellSpy.swift in Sources */,
				DD7940E326BB5342008F2A4E /* HelperMethods.swift in Sources */,
				DD7940CC26BA0565008F2A4E /* MainScreenViewSpy.swift in Sources */,
				DD43DCDB26B3277E006E9979 /* APIManagerTest.swift in Sources */,
				DDA0982726B44964007F3431 /* SearchRouterSpy.swift in Sources */,
			);
			runOnlyForDeploymentPostprocessing = 0;
		};
/* End PBXSourcesBuildPhase section */

/* Begin PBXTargetDependency section */
		DD58685A26B267B900729A6A /* PBXTargetDependency */ = {
			isa = PBXTargetDependency;
			target = DD58684126B267B600729A6A /* MusicAlbums */;
			targetProxy = DD58685926B267B900729A6A /* PBXContainerItemProxy */;
		};
/* End PBXTargetDependency section */

/* Begin PBXVariantGroup section */
		DD58685026B267B900729A6A /* LaunchScreen.storyboard */ = {
			isa = PBXVariantGroup;
			children = (
				DD58685126B267B900729A6A /* Base */,
			);
			name = LaunchScreen.storyboard;
			sourceTree = "<group>";
		};
/* End PBXVariantGroup section */

/* Begin XCBuildConfiguration section */
		DD58686A26B267B900729A6A /* Debug */ = {
			isa = XCBuildConfiguration;
			buildSettings = {
				ALWAYS_SEARCH_USER_PATHS = NO;
				CLANG_ANALYZER_NONNULL = YES;
				CLANG_ANALYZER_NUMBER_OBJECT_CONVERSION = YES_AGGRESSIVE;
				CLANG_CXX_LANGUAGE_STANDARD = "gnu++14";
				CLANG_CXX_LIBRARY = "libc++";
				CLANG_ENABLE_MODULES = YES;
				CLANG_ENABLE_OBJC_ARC = YES;
				CLANG_ENABLE_OBJC_WEAK = YES;
				CLANG_WARN_BLOCK_CAPTURE_AUTORELEASING = YES;
				CLANG_WARN_BOOL_CONVERSION = YES;
				CLANG_WARN_COMMA = YES;
				CLANG_WARN_CONSTANT_CONVERSION = YES;
				CLANG_WARN_DEPRECATED_OBJC_IMPLEMENTATIONS = YES;
				CLANG_WARN_DIRECT_OBJC_ISA_USAGE = YES_ERROR;
				CLANG_WARN_DOCUMENTATION_COMMENTS = YES;
				CLANG_WARN_EMPTY_BODY = YES;
				CLANG_WARN_ENUM_CONVERSION = YES;
				CLANG_WARN_INFINITE_RECURSION = YES;
				CLANG_WARN_INT_CONVERSION = YES;
				CLANG_WARN_NON_LITERAL_NULL_CONVERSION = YES;
				CLANG_WARN_OBJC_IMPLICIT_RETAIN_SELF = YES;
				CLANG_WARN_OBJC_LITERAL_CONVERSION = YES;
				CLANG_WARN_OBJC_ROOT_CLASS = YES_ERROR;
				CLANG_WARN_QUOTED_INCLUDE_IN_FRAMEWORK_HEADER = YES;
				CLANG_WARN_RANGE_LOOP_ANALYSIS = YES;
				CLANG_WARN_STRICT_PROTOTYPES = YES;
				CLANG_WARN_SUSPICIOUS_MOVE = YES;
				CLANG_WARN_UNGUARDED_AVAILABILITY = YES_AGGRESSIVE;
				CLANG_WARN_UNREACHABLE_CODE = YES;
				CLANG_WARN__DUPLICATE_METHOD_MATCH = YES;
				COPY_PHASE_STRIP = NO;
				DEBUG_INFORMATION_FORMAT = dwarf;
				ENABLE_STRICT_OBJC_MSGSEND = YES;
				ENABLE_TESTABILITY = YES;
				GCC_C_LANGUAGE_STANDARD = gnu11;
				GCC_DYNAMIC_NO_PIC = NO;
				GCC_NO_COMMON_BLOCKS = YES;
				GCC_OPTIMIZATION_LEVEL = 0;
				GCC_PREPROCESSOR_DEFINITIONS = (
					"DEBUG=1",
					"$(inherited)",
				);
				GCC_WARN_64_TO_32_BIT_CONVERSION = YES;
				GCC_WARN_ABOUT_RETURN_TYPE = YES_ERROR;
				GCC_WARN_UNDECLARED_SELECTOR = YES;
				GCC_WARN_UNINITIALIZED_AUTOS = YES_AGGRESSIVE;
				GCC_WARN_UNUSED_FUNCTION = YES;
				GCC_WARN_UNUSED_VARIABLE = YES;
				IPHONEOS_DEPLOYMENT_TARGET = 14.5;
				MTL_ENABLE_DEBUG_INFO = INCLUDE_SOURCE;
				MTL_FAST_MATH = YES;
				ONLY_ACTIVE_ARCH = YES;
				SDKROOT = iphoneos;
				SWIFT_ACTIVE_COMPILATION_CONDITIONS = DEBUG;
				SWIFT_OPTIMIZATION_LEVEL = "-Onone";
			};
			name = Debug;
		};
		DD58686B26B267B900729A6A /* Release */ = {
			isa = XCBuildConfiguration;
			buildSettings = {
				ALWAYS_SEARCH_USER_PATHS = NO;
				CLANG_ANALYZER_NONNULL = YES;
				CLANG_ANALYZER_NUMBER_OBJECT_CONVERSION = YES_AGGRESSIVE;
				CLANG_CXX_LANGUAGE_STANDARD = "gnu++14";
				CLANG_CXX_LIBRARY = "libc++";
				CLANG_ENABLE_MODULES = YES;
				CLANG_ENABLE_OBJC_ARC = YES;
				CLANG_ENABLE_OBJC_WEAK = YES;
				CLANG_WARN_BLOCK_CAPTURE_AUTORELEASING = YES;
				CLANG_WARN_BOOL_CONVERSION = YES;
				CLANG_WARN_COMMA = YES;
				CLANG_WARN_CONSTANT_CONVERSION = YES;
				CLANG_WARN_DEPRECATED_OBJC_IMPLEMENTATIONS = YES;
				CLANG_WARN_DIRECT_OBJC_ISA_USAGE = YES_ERROR;
				CLANG_WARN_DOCUMENTATION_COMMENTS = YES;
				CLANG_WARN_EMPTY_BODY = YES;
				CLANG_WARN_ENUM_CONVERSION = YES;
				CLANG_WARN_INFINITE_RECURSION = YES;
				CLANG_WARN_INT_CONVERSION = YES;
				CLANG_WARN_NON_LITERAL_NULL_CONVERSION = YES;
				CLANG_WARN_OBJC_IMPLICIT_RETAIN_SELF = YES;
				CLANG_WARN_OBJC_LITERAL_CONVERSION = YES;
				CLANG_WARN_OBJC_ROOT_CLASS = YES_ERROR;
				CLANG_WARN_QUOTED_INCLUDE_IN_FRAMEWORK_HEADER = YES;
				CLANG_WARN_RANGE_LOOP_ANALYSIS = YES;
				CLANG_WARN_STRICT_PROTOTYPES = YES;
				CLANG_WARN_SUSPICIOUS_MOVE = YES;
				CLANG_WARN_UNGUARDED_AVAILABILITY = YES_AGGRESSIVE;
				CLANG_WARN_UNREACHABLE_CODE = YES;
				CLANG_WARN__DUPLICATE_METHOD_MATCH = YES;
				COPY_PHASE_STRIP = NO;
				DEBUG_INFORMATION_FORMAT = "dwarf-with-dsym";
				ENABLE_NS_ASSERTIONS = NO;
				ENABLE_STRICT_OBJC_MSGSEND = YES;
				GCC_C_LANGUAGE_STANDARD = gnu11;
				GCC_NO_COMMON_BLOCKS = YES;
				GCC_WARN_64_TO_32_BIT_CONVERSION = YES;
				GCC_WARN_ABOUT_RETURN_TYPE = YES_ERROR;
				GCC_WARN_UNDECLARED_SELECTOR = YES;
				GCC_WARN_UNINITIALIZED_AUTOS = YES_AGGRESSIVE;
				GCC_WARN_UNUSED_FUNCTION = YES;
				GCC_WARN_UNUSED_VARIABLE = YES;
				IPHONEOS_DEPLOYMENT_TARGET = 14.5;
				MTL_ENABLE_DEBUG_INFO = NO;
				MTL_FAST_MATH = YES;
				SDKROOT = iphoneos;
				SWIFT_COMPILATION_MODE = wholemodule;
				SWIFT_OPTIMIZATION_LEVEL = "-O";
				VALIDATE_PRODUCT = YES;
			};
			name = Release;
		};
		DD58686D26B267B900729A6A /* Debug */ = {
			isa = XCBuildConfiguration;
			baseConfigurationReference = BD3D29A6AB3DA18E69CFF90F /* Pods-MusicAlbums.debug.xcconfig */;
			buildSettings = {
				ASSETCATALOG_COMPILER_APPICON_NAME = AppIcon;
				ASSETCATALOG_COMPILER_GLOBAL_ACCENT_COLOR_NAME = AccentColor;
				CODE_SIGN_STYLE = Automatic;
				DEVELOPMENT_TEAM = WJY9355V5F;
				INFOPLIST_FILE = MusicAlbums/Configuration/Info.plist;
				IPHONEOS_DEPLOYMENT_TARGET = 13.0;
				LD_RUNPATH_SEARCH_PATHS = (
					"$(inherited)",
					"@executable_path/Frameworks",
				);
				PRODUCT_BUNDLE_IDENTIFIER = com.AmrSaeed.MusicAlbums;
				PRODUCT_NAME = "$(TARGET_NAME)";
				SWIFT_VERSION = 5.0;
				TARGETED_DEVICE_FAMILY = 1;
			};
			name = Debug;
		};
		DD58686E26B267B900729A6A /* Release */ = {
			isa = XCBuildConfiguration;
			baseConfigurationReference = 70547977B432AEA1BB402897 /* Pods-MusicAlbums.release.xcconfig */;
			buildSettings = {
				ASSETCATALOG_COMPILER_APPICON_NAME = AppIcon;
				ASSETCATALOG_COMPILER_GLOBAL_ACCENT_COLOR_NAME = AccentColor;
				CODE_SIGN_STYLE = Automatic;
				DEVELOPMENT_TEAM = WJY9355V5F;
				INFOPLIST_FILE = MusicAlbums/Configuration/Info.plist;
				IPHONEOS_DEPLOYMENT_TARGET = 13.0;
				LD_RUNPATH_SEARCH_PATHS = (
					"$(inherited)",
					"@executable_path/Frameworks",
				);
				PRODUCT_BUNDLE_IDENTIFIER = com.AmrSaeed.MusicAlbums;
				PRODUCT_NAME = "$(TARGET_NAME)";
				SWIFT_VERSION = 5.0;
				TARGETED_DEVICE_FAMILY = 1;
			};
			name = Release;
		};
		DD58687026B267B900729A6A /* Debug */ = {
			isa = XCBuildConfiguration;
			baseConfigurationReference = 7784FA3D6D7E078BF1FBCED6 /* Pods-MusicAlbumsTests.debug.xcconfig */;
			buildSettings = {
				ALWAYS_EMBED_SWIFT_STANDARD_LIBRARIES = YES;
				BUNDLE_LOADER = "$(TEST_HOST)";
				CODE_SIGN_STYLE = Automatic;
				DEVELOPMENT_TEAM = WJY9355V5F;
				INFOPLIST_FILE = MusicAlbumsTests/Info.plist;
				IPHONEOS_DEPLOYMENT_TARGET = 14.5;
				LD_RUNPATH_SEARCH_PATHS = (
					"$(inherited)",
					"@executable_path/Frameworks",
					"@loader_path/Frameworks",
				);
				PRODUCT_BUNDLE_IDENTIFIER = com.AmrSaeed.MusicAlbumsTests;
				PRODUCT_NAME = "$(TARGET_NAME)";
				SWIFT_VERSION = 5.0;
				TARGETED_DEVICE_FAMILY = "1,2";
				TEST_HOST = "$(BUILT_PRODUCTS_DIR)/MusicAlbums.app/MusicAlbums";
			};
			name = Debug;
		};
		DD58687126B267B900729A6A /* Release */ = {
			isa = XCBuildConfiguration;
			baseConfigurationReference = 88A1F589C3E854AB496B75A0 /* Pods-MusicAlbumsTests.release.xcconfig */;
			buildSettings = {
				ALWAYS_EMBED_SWIFT_STANDARD_LIBRARIES = YES;
				BUNDLE_LOADER = "$(TEST_HOST)";
				CODE_SIGN_STYLE = Automatic;
				DEVELOPMENT_TEAM = WJY9355V5F;
				INFOPLIST_FILE = MusicAlbumsTests/Info.plist;
				IPHONEOS_DEPLOYMENT_TARGET = 14.5;
				LD_RUNPATH_SEARCH_PATHS = (
					"$(inherited)",
					"@executable_path/Frameworks",
					"@loader_path/Frameworks",
				);
				PRODUCT_BUNDLE_IDENTIFIER = com.AmrSaeed.MusicAlbumsTests;
				PRODUCT_NAME = "$(TARGET_NAME)";
				SWIFT_VERSION = 5.0;
				TARGETED_DEVICE_FAMILY = "1,2";
				TEST_HOST = "$(BUILT_PRODUCTS_DIR)/MusicAlbums.app/MusicAlbums";
			};
			name = Release;
		};
/* End XCBuildConfiguration section */

/* Begin XCConfigurationList section */
		DD58683D26B267B600729A6A /* Build configuration list for PBXProject "MusicAlbums" */ = {
			isa = XCConfigurationList;
			buildConfigurations = (
				DD58686A26B267B900729A6A /* Debug */,
				DD58686B26B267B900729A6A /* Release */,
			);
			defaultConfigurationIsVisible = 0;
			defaultConfigurationName = Release;
		};
		DD58686C26B267B900729A6A /* Build configuration list for PBXNativeTarget "MusicAlbums" */ = {
			isa = XCConfigurationList;
			buildConfigurations = (
				DD58686D26B267B900729A6A /* Debug */,
				DD58686E26B267B900729A6A /* Release */,
			);
			defaultConfigurationIsVisible = 0;
			defaultConfigurationName = Release;
		};
		DD58686F26B267B900729A6A /* Build configuration list for PBXNativeTarget "MusicAlbumsTests" */ = {
			isa = XCConfigurationList;
			buildConfigurations = (
				DD58687026B267B900729A6A /* Debug */,
				DD58687126B267B900729A6A /* Release */,
			);
			defaultConfigurationIsVisible = 0;
			defaultConfigurationName = Release;
		};
/* End XCConfigurationList section */
	};
	rootObject = DD58683A26B267B600729A6A /* Project object */;
}
